// !$*UTF8*$!
{
	archiveVersion = 1;
	classes = {
	};
	objectVersion = 50;
	objects = {

/* Begin PBXBuildFile section */
		3229F56A217865F400B101AF /* UITextView+LGExtension.m in Sources */ = {isa = PBXBuildFile; fileRef = 3229F569217865F400B101AF /* UITextView+LGExtension.m */; };
		3229F56D2178889E00B101AF /* LGImagePickerViewController.m in Sources */ = {isa = PBXBuildFile; fileRef = 3229F56C2178889E00B101AF /* LGImagePickerViewController.m */; };
		32326422216D9006005CC784 /* AppDelegate.m in Sources */ = {isa = PBXBuildFile; fileRef = 32326421216D9006005CC784 /* AppDelegate.m */; };
		32326425216D9006005CC784 /* ViewController.m in Sources */ = {isa = PBXBuildFile; fileRef = 32326424216D9006005CC784 /* ViewController.m */; };
		32326428216D9006005CC784 /* Main.storyboard in Resources */ = {isa = PBXBuildFile; fileRef = 32326426216D9006005CC784 /* Main.storyboard */; };
		3232642A216D9007005CC784 /* Assets.xcassets in Resources */ = {isa = PBXBuildFile; fileRef = 32326429216D9007005CC784 /* Assets.xcassets */; };
		3232642D216D9007005CC784 /* LaunchScreen.storyboard in Resources */ = {isa = PBXBuildFile; fileRef = 3232642B216D9007005CC784 /* LaunchScreen.storyboard */; };
		32326430216D9007005CC784 /* main.m in Sources */ = {isa = PBXBuildFile; fileRef = 3232642F216D9007005CC784 /* main.m */; };
		3232643A216D9007005CC784 /* NoteDemoTests.m in Sources */ = {isa = PBXBuildFile; fileRef = 32326439216D9007005CC784 /* NoteDemoTests.m */; };
		32326445216D9007005CC784 /* NoteDemoUITests.m in Sources */ = {isa = PBXBuildFile; fileRef = 32326444216D9007005CC784 /* NoteDemoUITests.m */; };
		32326456216D93A9005CC784 /* NoteModel.m in Sources */ = {isa = PBXBuildFile; fileRef = 32326455216D93A9005CC784 /* NoteModel.m */; };
		3232645C216DE8E2005CC784 /* NoteMainViewController.m in Sources */ = {isa = PBXBuildFile; fileRef = 3232645B216DE8E2005CC784 /* NoteMainViewController.m */; };
		3232645F216DE8F8005CC784 /* NoteEditViewController.m in Sources */ = {isa = PBXBuildFile; fileRef = 3232645E216DE8F8005CC784 /* NoteEditViewController.m */; };
		32326462216DE923005CC784 /* NoteSearchViewController.m in Sources */ = {isa = PBXBuildFile; fileRef = 32326461216DE923005CC784 /* NoteSearchViewController.m */; };
		32326465216DE963005CC784 /* NoteViewModel.m in Sources */ = {isa = PBXBuildFile; fileRef = 32326464216DE963005CC784 /* NoteViewModel.m */; };
		32326468216DED2D005CC784 /* NoteMainTableViewCell.m in Sources */ = {isa = PBXBuildFile; fileRef = 32326467216DED2D005CC784 /* NoteMainTableViewCell.m */; };
		32326474216DF420005CC784 /* NoteTools.m in Sources */ = {isa = PBXBuildFile; fileRef = 32326473216DF420005CC784 /* NoteTools.m */; };
		32326477216DF5D0005CC784 /* NoteMainTableView.m in Sources */ = {isa = PBXBuildFile; fileRef = 32326476216DF5D0005CC784 /* NoteMainTableView.m */; };
		3232647B216E2142005CC784 /* ParamModel.m in Sources */ = {isa = PBXBuildFile; fileRef = 3232647A216E2142005CC784 /* ParamModel.m */; };
		3232647E216E240A005CC784 /* SubjectModel.m in Sources */ = {isa = PBXBuildFile; fileRef = 3232647D216E240A005CC784 /* SubjectModel.m */; };
		32326481216E265D005CC784 /* LGMBAlert.m in Sources */ = {isa = PBXBuildFile; fileRef = 32326480216E265D005CC784 /* LGMBAlert.m */; };
		32326487216E2C87005CC784 /* LGNetworkManager.m in Sources */ = {isa = PBXBuildFile; fileRef = 32326486216E2C87005CC784 /* LGNetworkManager.m */; };
		3232648D216E2C94005CC784 /* BaseViewController.m in Sources */ = {isa = PBXBuildFile; fileRef = 32326489216E2C94005CC784 /* BaseViewController.m */; };
		3232648E216E2C94005CC784 /* LGBaseTableView.m in Sources */ = {isa = PBXBuildFile; fileRef = 3232648C216E2C94005CC784 /* LGBaseTableView.m */; };
		32326491216E3796005CC784 /* SubjectPickerView.m in Sources */ = {isa = PBXBuildFile; fileRef = 32326490216E3796005CC784 /* SubjectPickerView.m */; };
		32326494216E398C005CC784 /* LGBaseTextField.m in Sources */ = {isa = PBXBuildFile; fileRef = 32326493216E398C005CC784 /* LGBaseTextField.m */; };
		32326497216E3A11005CC784 /* NSString+EMOEmoji.m in Sources */ = {isa = PBXBuildFile; fileRef = 32326495216E3A11005CC784 /* NSString+EMOEmoji.m */; };
		3232649A216E3B35005CC784 /* LGBaseTextView.m in Sources */ = {isa = PBXBuildFile; fileRef = 32326498216E3B35005CC784 /* LGBaseTextView.m */; };
		325BC3A1216EE2EB00D077F5 /* LGNote.bundle in Resources */ = {isa = PBXBuildFile; fileRef = 325BC3A0216EE2EB00D077F5 /* LGNote.bundle */; };
		325BC3A4216EE39F00D077F5 /* NSBundle+Notes.m in Sources */ = {isa = PBXBuildFile; fileRef = 325BC3A3216EE39F00D077F5 /* NSBundle+Notes.m */; };
		325BC3A7216EF2E600D077F5 /* NoteFilterViewController.m in Sources */ = {isa = PBXBuildFile; fileRef = 325BC3A6216EF2E600D077F5 /* NoteFilterViewController.m */; };
		325BC3AE216EF7B800D077F5 /* LGFilterCollectionViewCell.m in Sources */ = {isa = PBXBuildFile; fileRef = 325BC3A8216EF7B700D077F5 /* LGFilterCollectionViewCell.m */; };
		325BC3AF216EF7B800D077F5 /* LGFilterCollectionViewFlowLayout.m in Sources */ = {isa = PBXBuildFile; fileRef = 325BC3AC216EF7B800D077F5 /* LGFilterCollectionViewFlowLayout.m */; };
		325BC3B0216EF7B800D077F5 /* LGFilterCollectionReusableViewHeader.m in Sources */ = {isa = PBXBuildFile; fileRef = 325BC3AD216EF7B800D077F5 /* LGFilterCollectionReusableViewHeader.m */; };
		32656A162179F76500DA1465 /* LGDrawBoardViewController.m in Sources */ = {isa = PBXBuildFile; fileRef = 32656A152179F76500DA1465 /* LGDrawBoardViewController.m */; };
		32656A21217A03DF00DA1465 /* LJBaseModel.m in Sources */ = {isa = PBXBuildFile; fileRef = 32656A19217A03DF00DA1465 /* LJBaseModel.m */; };
		32656A22217A03DF00DA1465 /* NSObject+YYModel.m in Sources */ = {isa = PBXBuildFile; fileRef = 32656A1C217A03DF00DA1465 /* NSObject+YYModel.m */; };
		32656A23217A03DF00DA1465 /* YYClassInfo.m in Sources */ = {isa = PBXBuildFile; fileRef = 32656A1D217A03DF00DA1465 /* YYClassInfo.m */; };
		32656A24217A03DF00DA1465 /* LSDrawView.m in Sources */ = {isa = PBXBuildFile; fileRef = 32656A1F217A03DF00DA1465 /* LSDrawView.m */; };
		C089BECC87C865CAFC5664C8 /* Pods_NoteDemo.framework in Frameworks */ = {isa = PBXBuildFile; fileRef = F69574B6C56DF4CDE82A6315 /* Pods_NoteDemo.framework */; };
/* End PBXBuildFile section */

/* Begin PBXContainerItemProxy section */
		32326436216D9007005CC784 /* PBXContainerItemProxy */ = {
			isa = PBXContainerItemProxy;
			containerPortal = 32326415216D9006005CC784 /* Project object */;
			proxyType = 1;
			remoteGlobalIDString = 3232641C216D9006005CC784;
			remoteInfo = NoteDemo;
		};
		32326441216D9007005CC784 /* PBXContainerItemProxy */ = {
			isa = PBXContainerItemProxy;
			containerPortal = 32326415216D9006005CC784 /* Project object */;
			proxyType = 1;
			remoteGlobalIDString = 3232641C216D9006005CC784;
			remoteInfo = NoteDemo;
		};
/* End PBXContainerItemProxy section */

/* Begin PBXFileReference section */
		1327CF5CEE302EAC89AC964E /* Pods-NoteDemo.release.xcconfig */ = {isa = PBXFileReference; includeInIndex = 1; lastKnownFileType = text.xcconfig; name = "Pods-NoteDemo.release.xcconfig"; path = "Target Support Files/Pods-NoteDemo/Pods-NoteDemo.release.xcconfig"; sourceTree = "<group>"; };
		3229F568217865F400B101AF /* UITextView+LGExtension.h */ = {isa = PBXFileReference; fileEncoding = 4; lastKnownFileType = sourcecode.c.h; path = "UITextView+LGExtension.h"; sourceTree = "<group>"; };
		3229F569217865F400B101AF /* UITextView+LGExtension.m */ = {isa = PBXFileReference; fileEncoding = 4; lastKnownFileType = sourcecode.c.objc; path = "UITextView+LGExtension.m"; sourceTree = "<group>"; };
		3229F56B2178889E00B101AF /* LGImagePickerViewController.h */ = {isa = PBXFileReference; lastKnownFileType = sourcecode.c.h; path = LGImagePickerViewController.h; sourceTree = "<group>"; };
		3229F56C2178889E00B101AF /* LGImagePickerViewController.m */ = {isa = PBXFileReference; lastKnownFileType = sourcecode.c.objc; path = LGImagePickerViewController.m; sourceTree = "<group>"; };
		3232641D216D9006005CC784 /* NoteDemo.app */ = {isa = PBXFileReference; explicitFileType = wrapper.application; includeInIndex = 0; path = NoteDemo.app; sourceTree = BUILT_PRODUCTS_DIR; };
		32326420216D9006005CC784 /* AppDelegate.h */ = {isa = PBXFileReference; lastKnownFileType = sourcecode.c.h; path = AppDelegate.h; sourceTree = "<group>"; };
		32326421216D9006005CC784 /* AppDelegate.m */ = {isa = PBXFileReference; lastKnownFileType = sourcecode.c.objc; path = AppDelegate.m; sourceTree = "<group>"; };
		32326423216D9006005CC784 /* ViewController.h */ = {isa = PBXFileReference; lastKnownFileType = sourcecode.c.h; path = ViewController.h; sourceTree = "<group>"; };
		32326424216D9006005CC784 /* ViewController.m */ = {isa = PBXFileReference; lastKnownFileType = sourcecode.c.objc; path = ViewController.m; sourceTree = "<group>"; };
		32326427216D9006005CC784 /* Base */ = {isa = PBXFileReference; lastKnownFileType = file.storyboard; name = Base; path = Base.lproj/Main.storyboard; sourceTree = "<group>"; };
		32326429216D9007005CC784 /* Assets.xcassets */ = {isa = PBXFileReference; lastKnownFileType = folder.assetcatalog; path = Assets.xcassets; sourceTree = "<group>"; };
		3232642C216D9007005CC784 /* Base */ = {isa = PBXFileReference; lastKnownFileType = file.storyboard; name = Base; path = Base.lproj/LaunchScreen.storyboard; sourceTree = "<group>"; };
		3232642E216D9007005CC784 /* Info.plist */ = {isa = PBXFileReference; lastKnownFileType = text.plist.xml; path = Info.plist; sourceTree = "<group>"; };
		3232642F216D9007005CC784 /* main.m */ = {isa = PBXFileReference; lastKnownFileType = sourcecode.c.objc; path = main.m; sourceTree = "<group>"; };
		32326435216D9007005CC784 /* NoteDemoTests.xctest */ = {isa = PBXFileReference; explicitFileType = wrapper.cfbundle; includeInIndex = 0; path = NoteDemoTests.xctest; sourceTree = BUILT_PRODUCTS_DIR; };
		32326439216D9007005CC784 /* NoteDemoTests.m */ = {isa = PBXFileReference; lastKnownFileType = sourcecode.c.objc; path = NoteDemoTests.m; sourceTree = "<group>"; };
		3232643B216D9007005CC784 /* Info.plist */ = {isa = PBXFileReference; lastKnownFileType = text.plist.xml; path = Info.plist; sourceTree = "<group>"; };
		32326440216D9007005CC784 /* NoteDemoUITests.xctest */ = {isa = PBXFileReference; explicitFileType = wrapper.cfbundle; includeInIndex = 0; path = NoteDemoUITests.xctest; sourceTree = BUILT_PRODUCTS_DIR; };
		32326444216D9007005CC784 /* NoteDemoUITests.m */ = {isa = PBXFileReference; lastKnownFileType = sourcecode.c.objc; path = NoteDemoUITests.m; sourceTree = "<group>"; };
		32326446216D9007005CC784 /* Info.plist */ = {isa = PBXFileReference; lastKnownFileType = text.plist.xml; path = Info.plist; sourceTree = "<group>"; };
		32326454216D93A9005CC784 /* NoteModel.h */ = {isa = PBXFileReference; lastKnownFileType = sourcecode.c.h; path = NoteModel.h; sourceTree = "<group>"; };
		32326455216D93A9005CC784 /* NoteModel.m */ = {isa = PBXFileReference; lastKnownFileType = sourcecode.c.objc; path = NoteModel.m; sourceTree = "<group>"; };
		3232645A216DE8E2005CC784 /* NoteMainViewController.h */ = {isa = PBXFileReference; lastKnownFileType = sourcecode.c.h; path = NoteMainViewController.h; sourceTree = "<group>"; };
		3232645B216DE8E2005CC784 /* NoteMainViewController.m */ = {isa = PBXFileReference; lastKnownFileType = sourcecode.c.objc; path = NoteMainViewController.m; sourceTree = "<group>"; };
		3232645D216DE8F8005CC784 /* NoteEditViewController.h */ = {isa = PBXFileReference; lastKnownFileType = sourcecode.c.h; path = NoteEditViewController.h; sourceTree = "<group>"; };
		3232645E216DE8F8005CC784 /* NoteEditViewController.m */ = {isa = PBXFileReference; lastKnownFileType = sourcecode.c.objc; path = NoteEditViewController.m; sourceTree = "<group>"; };
		32326460216DE923005CC784 /* NoteSearchViewController.h */ = {isa = PBXFileReference; lastKnownFileType = sourcecode.c.h; path = NoteSearchViewController.h; sourceTree = "<group>"; };
		32326461216DE923005CC784 /* NoteSearchViewController.m */ = {isa = PBXFileReference; lastKnownFileType = sourcecode.c.objc; path = NoteSearchViewController.m; sourceTree = "<group>"; };
		32326463216DE963005CC784 /* NoteViewModel.h */ = {isa = PBXFileReference; lastKnownFileType = sourcecode.c.h; path = NoteViewModel.h; sourceTree = "<group>"; };
		32326464216DE963005CC784 /* NoteViewModel.m */ = {isa = PBXFileReference; lastKnownFileType = sourcecode.c.objc; path = NoteViewModel.m; sourceTree = "<group>"; };
		32326466216DED2D005CC784 /* NoteMainTableViewCell.h */ = {isa = PBXFileReference; lastKnownFileType = sourcecode.c.h; path = NoteMainTableViewCell.h; sourceTree = "<group>"; };
		32326467216DED2D005CC784 /* NoteMainTableViewCell.m */ = {isa = PBXFileReference; lastKnownFileType = sourcecode.c.objc; path = NoteMainTableViewCell.m; sourceTree = "<group>"; };
		32326471216DF03A005CC784 /* Configure.h */ = {isa = PBXFileReference; lastKnownFileType = sourcecode.c.h; path = Configure.h; sourceTree = "<group>"; };
		32326472216DF420005CC784 /* NoteTools.h */ = {isa = PBXFileReference; lastKnownFileType = sourcecode.c.h; path = NoteTools.h; sourceTree = "<group>"; };
		32326473216DF420005CC784 /* NoteTools.m */ = {isa = PBXFileReference; lastKnownFileType = sourcecode.c.objc; path = NoteTools.m; sourceTree = "<group>"; };
		32326475216DF5D0005CC784 /* NoteMainTableView.h */ = {isa = PBXFileReference; lastKnownFileType = sourcecode.c.h; path = NoteMainTableView.h; sourceTree = "<group>"; };
		32326476216DF5D0005CC784 /* NoteMainTableView.m */ = {isa = PBXFileReference; lastKnownFileType = sourcecode.c.objc; path = NoteMainTableView.m; sourceTree = "<group>"; };
		32326479216E2142005CC784 /* ParamModel.h */ = {isa = PBXFileReference; lastKnownFileType = sourcecode.c.h; path = ParamModel.h; sourceTree = "<group>"; };
		3232647A216E2142005CC784 /* ParamModel.m */ = {isa = PBXFileReference; lastKnownFileType = sourcecode.c.objc; path = ParamModel.m; sourceTree = "<group>"; };
		3232647C216E240A005CC784 /* SubjectModel.h */ = {isa = PBXFileReference; lastKnownFileType = sourcecode.c.h; path = SubjectModel.h; sourceTree = "<group>"; };
		3232647D216E240A005CC784 /* SubjectModel.m */ = {isa = PBXFileReference; lastKnownFileType = sourcecode.c.objc; path = SubjectModel.m; sourceTree = "<group>"; };
		3232647F216E265D005CC784 /* LGMBAlert.h */ = {isa = PBXFileReference; lastKnownFileType = sourcecode.c.h; path = LGMBAlert.h; sourceTree = "<group>"; };
		32326480216E265D005CC784 /* LGMBAlert.m */ = {isa = PBXFileReference; lastKnownFileType = sourcecode.c.objc; path = LGMBAlert.m; sourceTree = "<group>"; };
		32326485216E2C87005CC784 /* LGNetworkManager.h */ = {isa = PBXFileReference; fileEncoding = 4; lastKnownFileType = sourcecode.c.h; path = LGNetworkManager.h; sourceTree = "<group>"; };
		32326486216E2C87005CC784 /* LGNetworkManager.m */ = {isa = PBXFileReference; fileEncoding = 4; lastKnownFileType = sourcecode.c.objc; path = LGNetworkManager.m; sourceTree = "<group>"; };
		32326489216E2C94005CC784 /* BaseViewController.m */ = {isa = PBXFileReference; fileEncoding = 4; lastKnownFileType = sourcecode.c.objc; path = BaseViewController.m; sourceTree = "<group>"; };
		3232648A216E2C94005CC784 /* LGBaseTableView.h */ = {isa = PBXFileReference; fileEncoding = 4; lastKnownFileType = sourcecode.c.h; path = LGBaseTableView.h; sourceTree = "<group>"; };
		3232648B216E2C94005CC784 /* BaseViewController.h */ = {isa = PBXFileReference; fileEncoding = 4; lastKnownFileType = sourcecode.c.h; path = BaseViewController.h; sourceTree = "<group>"; };
		3232648C216E2C94005CC784 /* LGBaseTableView.m */ = {isa = PBXFileReference; fileEncoding = 4; lastKnownFileType = sourcecode.c.objc; path = LGBaseTableView.m; sourceTree = "<group>"; };
		3232648F216E3796005CC784 /* SubjectPickerView.h */ = {isa = PBXFileReference; lastKnownFileType = sourcecode.c.h; path = SubjectPickerView.h; sourceTree = "<group>"; };
		32326490216E3796005CC784 /* SubjectPickerView.m */ = {isa = PBXFileReference; lastKnownFileType = sourcecode.c.objc; path = SubjectPickerView.m; sourceTree = "<group>"; };
		32326492216E398C005CC784 /* LGBaseTextField.h */ = {isa = PBXFileReference; fileEncoding = 4; lastKnownFileType = sourcecode.c.h; path = LGBaseTextField.h; sourceTree = "<group>"; };
		32326493216E398C005CC784 /* LGBaseTextField.m */ = {isa = PBXFileReference; fileEncoding = 4; lastKnownFileType = sourcecode.c.objc; path = LGBaseTextField.m; sourceTree = "<group>"; };
		32326495216E3A11005CC784 /* NSString+EMOEmoji.m */ = {isa = PBXFileReference; fileEncoding = 4; lastKnownFileType = sourcecode.c.objc; path = "NSString+EMOEmoji.m"; sourceTree = "<group>"; };
		32326496216E3A11005CC784 /* NSString+EMOEmoji.h */ = {isa = PBXFileReference; fileEncoding = 4; lastKnownFileType = sourcecode.c.h; path = "NSString+EMOEmoji.h"; sourceTree = "<group>"; };
		32326498216E3B35005CC784 /* LGBaseTextView.m */ = {isa = PBXFileReference; fileEncoding = 4; lastKnownFileType = sourcecode.c.objc; path = LGBaseTextView.m; sourceTree = "<group>"; };
		32326499216E3B35005CC784 /* LGBaseTextView.h */ = {isa = PBXFileReference; fileEncoding = 4; lastKnownFileType = sourcecode.c.h; path = LGBaseTextView.h; sourceTree = "<group>"; };
		325BC3A0216EE2EB00D077F5 /* LGNote.bundle */ = {isa = PBXFileReference; lastKnownFileType = "wrapper.plug-in"; path = LGNote.bundle; sourceTree = "<group>"; };
		325BC3A2216EE39F00D077F5 /* NSBundle+Notes.h */ = {isa = PBXFileReference; lastKnownFileType = sourcecode.c.h; path = "NSBundle+Notes.h"; sourceTree = "<group>"; };
		325BC3A3216EE39F00D077F5 /* NSBundle+Notes.m */ = {isa = PBXFileReference; lastKnownFileType = sourcecode.c.objc; path = "NSBundle+Notes.m"; sourceTree = "<group>"; };
		325BC3A5216EF2E600D077F5 /* NoteFilterViewController.h */ = {isa = PBXFileReference; lastKnownFileType = sourcecode.c.h; path = NoteFilterViewController.h; sourceTree = "<group>"; };
		325BC3A6216EF2E600D077F5 /* NoteFilterViewController.m */ = {isa = PBXFileReference; lastKnownFileType = sourcecode.c.objc; path = NoteFilterViewController.m; sourceTree = "<group>"; };
		325BC3A8216EF7B700D077F5 /* LGFilterCollectionViewCell.m */ = {isa = PBXFileReference; fileEncoding = 4; lastKnownFileType = sourcecode.c.objc; path = LGFilterCollectionViewCell.m; sourceTree = "<group>"; };
		325BC3A9216EF7B700D077F5 /* LGFilterCollectionViewCell.h */ = {isa = PBXFileReference; fileEncoding = 4; lastKnownFileType = sourcecode.c.h; path = LGFilterCollectionViewCell.h; sourceTree = "<group>"; };
		325BC3AA216EF7B700D077F5 /* LGFilterCollectionReusableViewHeader.h */ = {isa = PBXFileReference; fileEncoding = 4; lastKnownFileType = sourcecode.c.h; path = LGFilterCollectionReusableViewHeader.h; sourceTree = "<group>"; };
		325BC3AB216EF7B700D077F5 /* LGFilterCollectionViewFlowLayout.h */ = {isa = PBXFileReference; fileEncoding = 4; lastKnownFileType = sourcecode.c.h; path = LGFilterCollectionViewFlowLayout.h; sourceTree = "<group>"; };
		325BC3AC216EF7B800D077F5 /* LGFilterCollectionViewFlowLayout.m */ = {isa = PBXFileReference; fileEncoding = 4; lastKnownFileType = sourcecode.c.objc; path = LGFilterCollectionViewFlowLayout.m; sourceTree = "<group>"; };
		325BC3AD216EF7B800D077F5 /* LGFilterCollectionReusableViewHeader.m */ = {isa = PBXFileReference; fileEncoding = 4; lastKnownFileType = sourcecode.c.objc; path = LGFilterCollectionReusableViewHeader.m; sourceTree = "<group>"; };
		32656A142179F76500DA1465 /* LGDrawBoardViewController.h */ = {isa = PBXFileReference; lastKnownFileType = sourcecode.c.h; path = LGDrawBoardViewController.h; sourceTree = "<group>"; };
		32656A152179F76500DA1465 /* LGDrawBoardViewController.m */ = {isa = PBXFileReference; lastKnownFileType = sourcecode.c.objc; path = LGDrawBoardViewController.m; sourceTree = "<group>"; };
		32656A18217A03DF00DA1465 /* YYClassInfo.h */ = {isa = PBXFileReference; fileEncoding = 4; lastKnownFileType = sourcecode.c.h; path = YYClassInfo.h; sourceTree = "<group>"; };
		32656A19217A03DF00DA1465 /* LJBaseModel.m */ = {isa = PBXFileReference; fileEncoding = 4; lastKnownFileType = sourcecode.c.objc; path = LJBaseModel.m; sourceTree = "<group>"; };
		32656A1A217A03DF00DA1465 /* YYModel.h */ = {isa = PBXFileReference; fileEncoding = 4; lastKnownFileType = sourcecode.c.h; path = YYModel.h; sourceTree = "<group>"; };
		32656A1B217A03DF00DA1465 /* LSDrawView.h */ = {isa = PBXFileReference; fileEncoding = 4; lastKnownFileType = sourcecode.c.h; path = LSDrawView.h; sourceTree = "<group>"; };
		32656A1C217A03DF00DA1465 /* NSObject+YYModel.m */ = {isa = PBXFileReference; fileEncoding = 4; lastKnownFileType = sourcecode.c.objc; path = "NSObject+YYModel.m"; sourceTree = "<group>"; };
		32656A1D217A03DF00DA1465 /* YYClassInfo.m */ = {isa = PBXFileReference; fileEncoding = 4; lastKnownFileType = sourcecode.c.objc; path = YYClassInfo.m; sourceTree = "<group>"; };
		32656A1E217A03DF00DA1465 /* LJBaseModel.h */ = {isa = PBXFileReference; fileEncoding = 4; lastKnownFileType = sourcecode.c.h; path = LJBaseModel.h; sourceTree = "<group>"; };
		32656A1F217A03DF00DA1465 /* LSDrawView.m */ = {isa = PBXFileReference; fileEncoding = 4; lastKnownFileType = sourcecode.c.objc; path = LSDrawView.m; sourceTree = "<group>"; };
		32656A20217A03DF00DA1465 /* NSObject+YYModel.h */ = {isa = PBXFileReference; fileEncoding = 4; lastKnownFileType = sourcecode.c.h; path = "NSObject+YYModel.h"; sourceTree = "<group>"; };
		3267FD6E2170372700CCBCEF /* LGNoteConfigure.h */ = {isa = PBXFileReference; lastKnownFileType = sourcecode.c.h; path = LGNoteConfigure.h; sourceTree = "<group>"; };
		598743329030DF392A5BCC27 /* Pods-NoteDemo.debug.xcconfig */ = {isa = PBXFileReference; includeInIndex = 1; lastKnownFileType = text.xcconfig; name = "Pods-NoteDemo.debug.xcconfig"; path = "Target Support Files/Pods-NoteDemo/Pods-NoteDemo.debug.xcconfig"; sourceTree = "<group>"; };
		F69574B6C56DF4CDE82A6315 /* Pods_NoteDemo.framework */ = {isa = PBXFileReference; explicitFileType = wrapper.framework; includeInIndex = 0; path = Pods_NoteDemo.framework; sourceTree = BUILT_PRODUCTS_DIR; };
/* End PBXFileReference section */

/* Begin PBXFrameworksBuildPhase section */
		3232641A216D9006005CC784 /* Frameworks */ = {
			isa = PBXFrameworksBuildPhase;
			buildActionMask = 2147483647;
			files = (
				C089BECC87C865CAFC5664C8 /* Pods_NoteDemo.framework in Frameworks */,
			);
			runOnlyForDeploymentPostprocessing = 0;
		};
		32326432216D9007005CC784 /* Frameworks */ = {
			isa = PBXFrameworksBuildPhase;
			buildActionMask = 2147483647;
			files = (
			);
			runOnlyForDeploymentPostprocessing = 0;
		};
		3232643D216D9007005CC784 /* Frameworks */ = {
			isa = PBXFrameworksBuildPhase;
			buildActionMask = 2147483647;
			files = (
			);
			runOnlyForDeploymentPostprocessing = 0;
		};
/* End PBXFrameworksBuildPhase section */

/* Begin PBXGroup section */
		150A198C27992E743236058B /* Pods */ = {
			isa = PBXGroup;
			children = (
				598743329030DF392A5BCC27 /* Pods-NoteDemo.debug.xcconfig */,
				1327CF5CEE302EAC89AC964E /* Pods-NoteDemo.release.xcconfig */,
			);
			path = Pods;
			sourceTree = "<group>";
		};
		32326414216D9006005CC784 = {
			isa = PBXGroup;
			children = (
				32326452216D9059005CC784 /* LGNotes */,
				3232641F216D9006005CC784 /* NoteDemo */,
				32326438216D9007005CC784 /* NoteDemoTests */,
				32326443216D9007005CC784 /* NoteDemoUITests */,
				3232641E216D9006005CC784 /* Products */,
				150A198C27992E743236058B /* Pods */,
				CB317818D090F1B714C2CE6F /* Frameworks */,
			);
			sourceTree = "<group>";
		};
		3232641E216D9006005CC784 /* Products */ = {
			isa = PBXGroup;
			children = (
				3232641D216D9006005CC784 /* NoteDemo.app */,
				32326435216D9007005CC784 /* NoteDemoTests.xctest */,
				32326440216D9007005CC784 /* NoteDemoUITests.xctest */,
			);
			name = Products;
			sourceTree = "<group>";
		};
		3232641F216D9006005CC784 /* NoteDemo */ = {
			isa = PBXGroup;
			children = (
				32326420216D9006005CC784 /* AppDelegate.h */,
				32326421216D9006005CC784 /* AppDelegate.m */,
				32326423216D9006005CC784 /* ViewController.h */,
				32326424216D9006005CC784 /* ViewController.m */,
				32326426216D9006005CC784 /* Main.storyboard */,
				32326429216D9007005CC784 /* Assets.xcassets */,
				3232642B216D9007005CC784 /* LaunchScreen.storyboard */,
				3232642E216D9007005CC784 /* Info.plist */,
				3232642F216D9007005CC784 /* main.m */,
			);
			path = NoteDemo;
			sourceTree = "<group>";
		};
		32326438216D9007005CC784 /* NoteDemoTests */ = {
			isa = PBXGroup;
			children = (
				32326439216D9007005CC784 /* NoteDemoTests.m */,
				3232643B216D9007005CC784 /* Info.plist */,
			);
			path = NoteDemoTests;
			sourceTree = "<group>";
		};
		32326443216D9007005CC784 /* NoteDemoUITests */ = {
			isa = PBXGroup;
			children = (
				32326444216D9007005CC784 /* NoteDemoUITests.m */,
				32326446216D9007005CC784 /* Info.plist */,
			);
			path = NoteDemoUITests;
			sourceTree = "<group>";
		};
		32326452216D9059005CC784 /* LGNotes */ = {
			isa = PBXGroup;
			children = (
				325BC39F216EE2EB00D077F5 /* Resource */,
				32326488216E2C94005CC784 /* Base */,
				32326470216DF01E005CC784 /* Other */,
				32326458216DE809005CC784 /* Controller */,
				32326459216DE809005CC784 /* View */,
				32326457216DE809005CC784 /* ViewModel */,
				32326453216D9398005CC784 /* Model */,
			);
			path = LGNotes;
			sourceTree = "<group>";
		};
		32326453216D9398005CC784 /* Model */ = {
			isa = PBXGroup;
			children = (
				32326454216D93A9005CC784 /* NoteModel.h */,
				32326455216D93A9005CC784 /* NoteModel.m */,
				3232647C216E240A005CC784 /* SubjectModel.h */,
				3232647D216E240A005CC784 /* SubjectModel.m */,
				32326479216E2142005CC784 /* ParamModel.h */,
				3232647A216E2142005CC784 /* ParamModel.m */,
			);
			path = Model;
			sourceTree = "<group>";
		};
		32326457216DE809005CC784 /* ViewModel */ = {
			isa = PBXGroup;
			children = (
				32326463216DE963005CC784 /* NoteViewModel.h */,
				32326464216DE963005CC784 /* NoteViewModel.m */,
			);
			path = ViewModel;
			sourceTree = "<group>";
		};
		32326458216DE809005CC784 /* Controller */ = {
			isa = PBXGroup;
			children = (
				3232645A216DE8E2005CC784 /* NoteMainViewController.h */,
				3232645B216DE8E2005CC784 /* NoteMainViewController.m */,
				3232645D216DE8F8005CC784 /* NoteEditViewController.h */,
				3232645E216DE8F8005CC784 /* NoteEditViewController.m */,
				32326460216DE923005CC784 /* NoteSearchViewController.h */,
				32326461216DE923005CC784 /* NoteSearchViewController.m */,
				325BC3A5216EF2E600D077F5 /* NoteFilterViewController.h */,
				325BC3A6216EF2E600D077F5 /* NoteFilterViewController.m */,
			);
			path = Controller;
			sourceTree = "<group>";
		};
		32326459216DE809005CC784 /* View */ = {
			isa = PBXGroup;
			children = (
				32326466216DED2D005CC784 /* NoteMainTableViewCell.h */,
				32326467216DED2D005CC784 /* NoteMainTableViewCell.m */,
				32326475216DF5D0005CC784 /* NoteMainTableView.h */,
				32326476216DF5D0005CC784 /* NoteMainTableView.m */,
				3232648F216E3796005CC784 /* SubjectPickerView.h */,
				32326490216E3796005CC784 /* SubjectPickerView.m */,
				325BC3AA216EF7B700D077F5 /* LGFilterCollectionReusableViewHeader.h */,
				325BC3AD216EF7B800D077F5 /* LGFilterCollectionReusableViewHeader.m */,
				325BC3A9216EF7B700D077F5 /* LGFilterCollectionViewCell.h */,
				325BC3A8216EF7B700D077F5 /* LGFilterCollectionViewCell.m */,
				325BC3AB216EF7B700D077F5 /* LGFilterCollectionViewFlowLayout.h */,
				325BC3AC216EF7B800D077F5 /* LGFilterCollectionViewFlowLayout.m */,
			);
			path = View;
			sourceTree = "<group>";
		};
		32326470216DF01E005CC784 /* Other */ = {
			isa = PBXGroup;
			children = (
				32326485216E2C87005CC784 /* LGNetworkManager.h */,
				32326486216E2C87005CC784 /* LGNetworkManager.m */,
				32326471216DF03A005CC784 /* Configure.h */,
				3267FD6E2170372700CCBCEF /* LGNoteConfigure.h */,
				32326472216DF420005CC784 /* NoteTools.h */,
				32326473216DF420005CC784 /* NoteTools.m */,
				3232647F216E265D005CC784 /* LGMBAlert.h */,
				32326480216E265D005CC784 /* LGMBAlert.m */,
				32326496216E3A11005CC784 /* NSString+EMOEmoji.h */,
				32326495216E3A11005CC784 /* NSString+EMOEmoji.m */,
				325BC3A2216EE39F00D077F5 /* NSBundle+Notes.h */,
				325BC3A3216EE39F00D077F5 /* NSBundle+Notes.m */,
				3229F568217865F400B101AF /* UITextView+LGExtension.h */,
				3229F569217865F400B101AF /* UITextView+LGExtension.m */,
				32656A17217A03DF00DA1465 /* DrawView */,
			);
			path = Other;
			sourceTree = "<group>";
		};
		32326488216E2C94005CC784 /* Base */ = {
			isa = PBXGroup;
			children = (
				3232648A216E2C94005CC784 /* LGBaseTableView.h */,
				3232648C216E2C94005CC784 /* LGBaseTableView.m */,
				3232648B216E2C94005CC784 /* BaseViewController.h */,
				32326489216E2C94005CC784 /* BaseViewController.m */,
				32326492216E398C005CC784 /* LGBaseTextField.h */,
				32326493216E398C005CC784 /* LGBaseTextField.m */,
				32326499216E3B35005CC784 /* LGBaseTextView.h */,
				32326498216E3B35005CC784 /* LGBaseTextView.m */,
				3229F56B2178889E00B101AF /* LGImagePickerViewController.h */,
				3229F56C2178889E00B101AF /* LGImagePickerViewController.m */,
				32656A142179F76500DA1465 /* LGDrawBoardViewController.h */,
				32656A152179F76500DA1465 /* LGDrawBoardViewController.m */,
			);
			path = Base;
			sourceTree = "<group>";
		};
		325BC39F216EE2EB00D077F5 /* Resource */ = {
			isa = PBXGroup;
			children = (
				325BC3A0216EE2EB00D077F5 /* LGNote.bundle */,
			);
			path = Resource;
			sourceTree = "<group>";
		};
		32656A17217A03DF00DA1465 /* DrawView */ = {
			isa = PBXGroup;
			children = (
				32656A1A217A03DF00DA1465 /* YYModel.h */,
				32656A1E217A03DF00DA1465 /* LJBaseModel.h */,
				32656A19217A03DF00DA1465 /* LJBaseModel.m */,
				32656A1B217A03DF00DA1465 /* LSDrawView.h */,
				32656A1F217A03DF00DA1465 /* LSDrawView.m */,
				32656A18217A03DF00DA1465 /* YYClassInfo.h */,
				32656A1D217A03DF00DA1465 /* YYClassInfo.m */,
				32656A20217A03DF00DA1465 /* NSObject+YYModel.h */,
				32656A1C217A03DF00DA1465 /* NSObject+YYModel.m */,
			);
			path = DrawView;
			sourceTree = "<group>";
		};
		CB317818D090F1B714C2CE6F /* Frameworks */ = {
			isa = PBXGroup;
			children = (
				F69574B6C56DF4CDE82A6315 /* Pods_NoteDemo.framework */,
			);
			name = Frameworks;
			sourceTree = "<group>";
		};
/* End PBXGroup section */

/* Begin PBXNativeTarget section */
		3232641C216D9006005CC784 /* NoteDemo */ = {
			isa = PBXNativeTarget;
			buildConfigurationList = 32326449216D9007005CC784 /* Build configuration list for PBXNativeTarget "NoteDemo" */;
			buildPhases = (
				EEAC5037095235BA73607395 /* [CP] Check Pods Manifest.lock */,
				32326419216D9006005CC784 /* Sources */,
				3232641A216D9006005CC784 /* Frameworks */,
				3232641B216D9006005CC784 /* Resources */,
				400FA4CA82A8118AF6D868A3 /* [CP] Embed Pods Frameworks */,
			);
			buildRules = (
			);
			dependencies = (
			);
			name = NoteDemo;
			productName = NoteDemo;
			productReference = 3232641D216D9006005CC784 /* NoteDemo.app */;
			productType = "com.apple.product-type.application";
		};
		32326434216D9007005CC784 /* NoteDemoTests */ = {
			isa = PBXNativeTarget;
			buildConfigurationList = 3232644C216D9007005CC784 /* Build configuration list for PBXNativeTarget "NoteDemoTests" */;
			buildPhases = (
				32326431216D9007005CC784 /* Sources */,
				32326432216D9007005CC784 /* Frameworks */,
				32326433216D9007005CC784 /* Resources */,
			);
			buildRules = (
			);
			dependencies = (
				32326437216D9007005CC784 /* PBXTargetDependency */,
			);
			name = NoteDemoTests;
			productName = NoteDemoTests;
			productReference = 32326435216D9007005CC784 /* NoteDemoTests.xctest */;
			productType = "com.apple.product-type.bundle.unit-test";
		};
		3232643F216D9007005CC784 /* NoteDemoUITests */ = {
			isa = PBXNativeTarget;
			buildConfigurationList = 3232644F216D9007005CC784 /* Build configuration list for PBXNativeTarget "NoteDemoUITests" */;
			buildPhases = (
				3232643C216D9007005CC784 /* Sources */,
				3232643D216D9007005CC784 /* Frameworks */,
				3232643E216D9007005CC784 /* Resources */,
			);
			buildRules = (
			);
			dependencies = (
				32326442216D9007005CC784 /* PBXTargetDependency */,
			);
			name = NoteDemoUITests;
			productName = NoteDemoUITests;
			productReference = 32326440216D9007005CC784 /* NoteDemoUITests.xctest */;
			productType = "com.apple.product-type.bundle.ui-testing";
		};
/* End PBXNativeTarget section */

/* Begin PBXProject section */
		32326415216D9006005CC784 /* Project object */ = {
			isa = PBXProject;
			attributes = {
				LastUpgradeCheck = 1000;
				ORGANIZATIONNAME = hend;
				TargetAttributes = {
					3232641C216D9006005CC784 = {
						CreatedOnToolsVersion = 10.0;
					};
					32326434216D9007005CC784 = {
						CreatedOnToolsVersion = 10.0;
						TestTargetID = 3232641C216D9006005CC784;
					};
					3232643F216D9007005CC784 = {
						CreatedOnToolsVersion = 10.0;
						TestTargetID = 3232641C216D9006005CC784;
					};
				};
			};
			buildConfigurationList = 32326418216D9006005CC784 /* Build configuration list for PBXProject "NoteDemo" */;
			compatibilityVersion = "Xcode 9.3";
			developmentRegion = en;
			hasScannedForEncodings = 0;
			knownRegions = (
				en,
				Base,
			);
			mainGroup = 32326414216D9006005CC784;
			productRefGroup = 3232641E216D9006005CC784 /* Products */;
			projectDirPath = "";
			projectRoot = "";
			targets = (
				3232641C216D9006005CC784 /* NoteDemo */,
				32326434216D9007005CC784 /* NoteDemoTests */,
				3232643F216D9007005CC784 /* NoteDemoUITests */,
			);
		};
/* End PBXProject section */

/* Begin PBXResourcesBuildPhase section */
		3232641B216D9006005CC784 /* Resources */ = {
			isa = PBXResourcesBuildPhase;
			buildActionMask = 2147483647;
			files = (
				3232642D216D9007005CC784 /* LaunchScreen.storyboard in Resources */,
				3232642A216D9007005CC784 /* Assets.xcassets in Resources */,
				325BC3A1216EE2EB00D077F5 /* LGNote.bundle in Resources */,
				32326428216D9006005CC784 /* Main.storyboard in Resources */,
			);
			runOnlyForDeploymentPostprocessing = 0;
		};
		32326433216D9007005CC784 /* Resources */ = {
			isa = PBXResourcesBuildPhase;
			buildActionMask = 2147483647;
			files = (
			);
			runOnlyForDeploymentPostprocessing = 0;
		};
		3232643E216D9007005CC784 /* Resources */ = {
			isa = PBXResourcesBuildPhase;
			buildActionMask = 2147483647;
			files = (
			);
			runOnlyForDeploymentPostprocessing = 0;
		};
/* End PBXResourcesBuildPhase section */

/* Begin PBXShellScriptBuildPhase section */
		400FA4CA82A8118AF6D868A3 /* [CP] Embed Pods Frameworks */ = {
			isa = PBXShellScriptBuildPhase;
			buildActionMask = 2147483647;
			files = (
			);
			inputFileListPaths = (
			);
			inputPaths = (
				"${PODS_ROOT}/Target Support Files/Pods-NoteDemo/Pods-NoteDemo-frameworks.sh",
				"${BUILT_PRODUCTS_DIR}/AFNetworking/AFNetworking.framework",
				"${BUILT_PRODUCTS_DIR}/MBProgressHUD/MBProgressHUD.framework",
				"${BUILT_PRODUCTS_DIR}/MJExtension/MJExtension.framework",
				"${BUILT_PRODUCTS_DIR}/MJRefresh/MJRefresh.framework",
				"${BUILT_PRODUCTS_DIR}/Masonry/Masonry.framework",
				"${BUILT_PRODUCTS_DIR}/ReactiveObjC/ReactiveObjC.framework",
			);
			name = "[CP] Embed Pods Frameworks";
			outputFileListPaths = (
			);
			outputPaths = (
				"${TARGET_BUILD_DIR}/${FRAMEWORKS_FOLDER_PATH}/AFNetworking.framework",
				"${TARGET_BUILD_DIR}/${FRAMEWORKS_FOLDER_PATH}/MBProgressHUD.framework",
				"${TARGET_BUILD_DIR}/${FRAMEWORKS_FOLDER_PATH}/MJExtension.framework",
				"${TARGET_BUILD_DIR}/${FRAMEWORKS_FOLDER_PATH}/MJRefresh.framework",
				"${TARGET_BUILD_DIR}/${FRAMEWORKS_FOLDER_PATH}/Masonry.framework",
				"${TARGET_BUILD_DIR}/${FRAMEWORKS_FOLDER_PATH}/ReactiveObjC.framework",
			);
			runOnlyForDeploymentPostprocessing = 0;
			shellPath = /bin/sh;
			shellScript = "\"${PODS_ROOT}/Target Support Files/Pods-NoteDemo/Pods-NoteDemo-frameworks.sh\"\n";
			showEnvVarsInLog = 0;
		};
		EEAC5037095235BA73607395 /* [CP] Check Pods Manifest.lock */ = {
			isa = PBXShellScriptBuildPhase;
			buildActionMask = 2147483647;
			files = (
			);
			inputFileListPaths = (
			);
			inputPaths = (
				"${PODS_PODFILE_DIR_PATH}/Podfile.lock",
				"${PODS_ROOT}/Manifest.lock",
			);
			name = "[CP] Check Pods Manifest.lock";
			outputFileListPaths = (
			);
			outputPaths = (
				"$(DERIVED_FILE_DIR)/Pods-NoteDemo-checkManifestLockResult.txt",
			);
			runOnlyForDeploymentPostprocessing = 0;
			shellPath = /bin/sh;
			shellScript = "diff \"${PODS_PODFILE_DIR_PATH}/Podfile.lock\" \"${PODS_ROOT}/Manifest.lock\" > /dev/null\nif [ $? != 0 ] ; then\n    # print error to STDERR\n    echo \"error: The sandbox is not in sync with the Podfile.lock. Run 'pod install' or update your CocoaPods installation.\" >&2\n    exit 1\nfi\n# This output is used by Xcode 'outputs' to avoid re-running this script phase.\necho \"SUCCESS\" > \"${SCRIPT_OUTPUT_FILE_0}\"\n";
			showEnvVarsInLog = 0;
		};
/* End PBXShellScriptBuildPhase section */

/* Begin PBXSourcesBuildPhase section */
		32326419216D9006005CC784 /* Sources */ = {
			isa = PBXSourcesBuildPhase;
			buildActionMask = 2147483647;
			files = (
				32656A22217A03DF00DA1465 /* NSObject+YYModel.m in Sources */,
				32326481216E265D005CC784 /* LGMBAlert.m in Sources */,
				325BC3B0216EF7B800D077F5 /* LGFilterCollectionReusableViewHeader.m in Sources */,
				32326425216D9006005CC784 /* ViewController.m in Sources */,
				3229F56D2178889E00B101AF /* LGImagePickerViewController.m in Sources */,
				32326497216E3A11005CC784 /* NSString+EMOEmoji.m in Sources */,
				32326494216E398C005CC784 /* LGBaseTextField.m in Sources */,
				32326477216DF5D0005CC784 /* NoteMainTableView.m in Sources */,
				3232647B216E2142005CC784 /* ParamModel.m in Sources */,
				325BC3A4216EE39F00D077F5 /* NSBundle+Notes.m in Sources */,
				3232647E216E240A005CC784 /* SubjectModel.m in Sources */,
				32656A21217A03DF00DA1465 /* LJBaseModel.m in Sources */,
				32326456216D93A9005CC784 /* NoteModel.m in Sources */,
				32326468216DED2D005CC784 /* NoteMainTableViewCell.m in Sources */,
				32656A162179F76500DA1465 /* LGDrawBoardViewController.m in Sources */,
				3232645F216DE8F8005CC784 /* NoteEditViewController.m in Sources */,
				325BC3A7216EF2E600D077F5 /* NoteFilterViewController.m in Sources */,
				3232649A216E3B35005CC784 /* LGBaseTextView.m in Sources */,
				32326487216E2C87005CC784 /* LGNetworkManager.m in Sources */,
				3232648D216E2C94005CC784 /* BaseViewController.m in Sources */,
				325BC3AF216EF7B800D077F5 /* LGFilterCollectionViewFlowLayout.m in Sources */,
				32326430216D9007005CC784 /* main.m in Sources */,
				32326465216DE963005CC784 /* NoteViewModel.m in Sources */,
				3232648E216E2C94005CC784 /* LGBaseTableView.m in Sources */,
				32326422216D9006005CC784 /* AppDelegate.m in Sources */,
				32656A24217A03DF00DA1465 /* LSDrawView.m in Sources */,
				3232645C216DE8E2005CC784 /* NoteMainViewController.m in Sources */,
				32326474216DF420005CC784 /* NoteTools.m in Sources */,
				32326462216DE923005CC784 /* NoteSearchViewController.m in Sources */,
				32656A23217A03DF00DA1465 /* YYClassInfo.m in Sources */,
				32326491216E3796005CC784 /* SubjectPickerView.m in Sources */,
				325BC3AE216EF7B800D077F5 /* LGFilterCollectionViewCell.m in Sources */,
				3229F56A217865F400B101AF /* UITextView+LGExtension.m in Sources */,
			);
			runOnlyForDeploymentPostprocessing = 0;
		};
		32326431216D9007005CC784 /* Sources */ = {
			isa = PBXSourcesBuildPhase;
			buildActionMask = 2147483647;
			files = (
				3232643A216D9007005CC784 /* NoteDemoTests.m in Sources */,
			);
			runOnlyForDeploymentPostprocessing = 0;
		};
		3232643C216D9007005CC784 /* Sources */ = {
			isa = PBXSourcesBuildPhase;
			buildActionMask = 2147483647;
			files = (
				32326445216D9007005CC784 /* NoteDemoUITests.m in Sources */,
			);
			runOnlyForDeploymentPostprocessing = 0;
		};
/* End PBXSourcesBuildPhase section */

/* Begin PBXTargetDependency section */
		32326437216D9007005CC784 /* PBXTargetDependency */ = {
			isa = PBXTargetDependency;
			target = 3232641C216D9006005CC784 /* NoteDemo */;
			targetProxy = 32326436216D9007005CC784 /* PBXContainerItemProxy */;
		};
		32326442216D9007005CC784 /* PBXTargetDependency */ = {
			isa = PBXTargetDependency;
			target = 3232641C216D9006005CC784 /* NoteDemo */;
			targetProxy = 32326441216D9007005CC784 /* PBXContainerItemProxy */;
		};
/* End PBXTargetDependency section */

/* Begin PBXVariantGroup section */
		32326426216D9006005CC784 /* Main.storyboard */ = {
			isa = PBXVariantGroup;
			children = (
				32326427216D9006005CC784 /* Base */,
			);
			name = Main.storyboard;
			sourceTree = "<group>";
		};
		3232642B216D9007005CC784 /* LaunchScreen.storyboard */ = {
			isa = PBXVariantGroup;
			children = (
				3232642C216D9007005CC784 /* Base */,
			);
			name = LaunchScreen.storyboard;
			sourceTree = "<group>";
		};
/* End PBXVariantGroup section */

/* Begin XCBuildConfiguration section */
		32326447216D9007005CC784 /* Debug */ = {
			isa = XCBuildConfiguration;
			buildSettings = {
				ALWAYS_SEARCH_USER_PATHS = NO;
				CLANG_ANALYZER_NONNULL = YES;
				CLANG_ANALYZER_NUMBER_OBJECT_CONVERSION = YES_AGGRESSIVE;
				CLANG_CXX_LANGUAGE_STANDARD = "gnu++14";
				CLANG_CXX_LIBRARY = "libc++";
				CLANG_ENABLE_MODULES = YES;
				CLANG_ENABLE_OBJC_ARC = YES;
				CLANG_ENABLE_OBJC_WEAK = YES;
				CLANG_WARN_BLOCK_CAPTURE_AUTORELEASING = YES;
				CLANG_WARN_BOOL_CONVERSION = YES;
				CLANG_WARN_COMMA = YES;
				CLANG_WARN_CONSTANT_CONVERSION = YES;
				CLANG_WARN_DEPRECATED_OBJC_IMPLEMENTATIONS = YES;
				CLANG_WARN_DIRECT_OBJC_ISA_USAGE = YES_ERROR;
				CLANG_WARN_DOCUMENTATION_COMMENTS = YES;
				CLANG_WARN_EMPTY_BODY = YES;
				CLANG_WARN_ENUM_CONVERSION = YES;
				CLANG_WARN_INFINITE_RECURSION = YES;
				CLANG_WARN_INT_CONVERSION = YES;
				CLANG_WARN_NON_LITERAL_NULL_CONVERSION = YES;
				CLANG_WARN_OBJC_IMPLICIT_RETAIN_SELF = YES;
				CLANG_WARN_OBJC_LITERAL_CONVERSION = YES;
				CLANG_WARN_OBJC_ROOT_CLASS = YES_ERROR;
				CLANG_WARN_RANGE_LOOP_ANALYSIS = YES;
				CLANG_WARN_STRICT_PROTOTYPES = YES;
				CLANG_WARN_SUSPICIOUS_MOVE = YES;
				CLANG_WARN_UNGUARDED_AVAILABILITY = YES_AGGRESSIVE;
				CLANG_WARN_UNREACHABLE_CODE = YES;
				CLANG_WARN__DUPLICATE_METHOD_MATCH = YES;
				CODE_SIGN_IDENTITY = "iPhone Developer";
				COPY_PHASE_STRIP = NO;
				DEBUG_INFORMATION_FORMAT = dwarf;
				ENABLE_STRICT_OBJC_MSGSEND = YES;
				ENABLE_TESTABILITY = YES;
				GCC_C_LANGUAGE_STANDARD = gnu11;
				GCC_DYNAMIC_NO_PIC = NO;
				GCC_NO_COMMON_BLOCKS = YES;
				GCC_OPTIMIZATION_LEVEL = 0;
				GCC_PREPROCESSOR_DEFINITIONS = (
					"DEBUG=1",
					"$(inherited)",
				);
				GCC_WARN_64_TO_32_BIT_CONVERSION = YES;
				GCC_WARN_ABOUT_RETURN_TYPE = YES_ERROR;
				GCC_WARN_UNDECLARED_SELECTOR = YES;
				GCC_WARN_UNINITIALIZED_AUTOS = YES_AGGRESSIVE;
				GCC_WARN_UNUSED_FUNCTION = YES;
				GCC_WARN_UNUSED_VARIABLE = YES;
				IPHONEOS_DEPLOYMENT_TARGET = 12.0;
				MTL_ENABLE_DEBUG_INFO = INCLUDE_SOURCE;
				MTL_FAST_MATH = YES;
				ONLY_ACTIVE_ARCH = YES;
				SDKROOT = iphoneos;
			};
			name = Debug;
		};
		32326448216D9007005CC784 /* Release */ = {
			isa = XCBuildConfiguration;
			buildSettings = {
				ALWAYS_SEARCH_USER_PATHS = NO;
				CLANG_ANALYZER_NONNULL = YES;
				CLANG_ANALYZER_NUMBER_OBJECT_CONVERSION = YES_AGGRESSIVE;
				CLANG_CXX_LANGUAGE_STANDARD = "gnu++14";
				CLANG_CXX_LIBRARY = "libc++";
				CLANG_ENABLE_MODULES = YES;
				CLANG_ENABLE_OBJC_ARC = YES;
				CLANG_ENABLE_OBJC_WEAK = YES;
				CLANG_WARN_BLOCK_CAPTURE_AUTORELEASING = YES;
				CLANG_WARN_BOOL_CONVERSION = YES;
				CLANG_WARN_COMMA = YES;
				CLANG_WARN_CONSTANT_CONVERSION = YES;
				CLANG_WARN_DEPRECATED_OBJC_IMPLEMENTATIONS = YES;
				CLANG_WARN_DIRECT_OBJC_ISA_USAGE = YES_ERROR;
				CLANG_WARN_DOCUMENTATION_COMMENTS = YES;
				CLANG_WARN_EMPTY_BODY = YES;
				CLANG_WARN_ENUM_CONVERSION = YES;
				CLANG_WARN_INFINITE_RECURSION = YES;
				CLANG_WARN_INT_CONVERSION = YES;
				CLANG_WARN_NON_LITERAL_NULL_CONVERSION = YES;
				CLANG_WARN_OBJC_IMPLICIT_RETAIN_SELF = YES;
				CLANG_WARN_OBJC_LITERAL_CONVERSION = YES;
				CLANG_WARN_OBJC_ROOT_CLASS = YES_ERROR;
				CLANG_WARN_RANGE_LOOP_ANALYSIS = YES;
				CLANG_WARN_STRICT_PROTOTYPES = YES;
				CLANG_WARN_SUSPICIOUS_MOVE = YES;
				CLANG_WARN_UNGUARDED_AVAILABILITY = YES_AGGRESSIVE;
				CLANG_WARN_UNREACHABLE_CODE = YES;
				CLANG_WARN__DUPLICATE_METHOD_MATCH = YES;
				CODE_SIGN_IDENTITY = "iPhone Developer";
				COPY_PHASE_STRIP = NO;
				DEBUG_INFORMATION_FORMAT = "dwarf-with-dsym";
				ENABLE_NS_ASSERTIONS = NO;
				ENABLE_STRICT_OBJC_MSGSEND = YES;
				GCC_C_LANGUAGE_STANDARD = gnu11;
				GCC_NO_COMMON_BLOCKS = YES;
				GCC_WARN_64_TO_32_BIT_CONVERSION = YES;
				GCC_WARN_ABOUT_RETURN_TYPE = YES_ERROR;
				GCC_WARN_UNDECLARED_SELECTOR = YES;
				GCC_WARN_UNINITIALIZED_AUTOS = YES_AGGRESSIVE;
				GCC_WARN_UNUSED_FUNCTION = YES;
				GCC_WARN_UNUSED_VARIABLE = YES;
				IPHONEOS_DEPLOYMENT_TARGET = 12.0;
				MTL_ENABLE_DEBUG_INFO = NO;
				MTL_FAST_MATH = YES;
				SDKROOT = iphoneos;
				VALIDATE_PRODUCT = YES;
			};
			name = Release;
		};
		3232644A216D9007005CC784 /* Debug */ = {
			isa = XCBuildConfiguration;
			baseConfigurationReference = 598743329030DF392A5BCC27 /* Pods-NoteDemo.debug.xcconfig */;
			buildSettings = {
				ASSETCATALOG_COMPILER_APPICON_NAME = AppIcon;
				CODE_SIGN_STYLE = Automatic;
				DEVELOPMENT_TEAM = Z35S33J39R;
				GCC_PRECOMPILE_PREFIX_HEADER = NO;
				INFOPLIST_FILE = NoteDemo/Info.plist;
				LD_RUNPATH_SEARCH_PATHS = (
					"$(inherited)",
					"@executable_path/Frameworks",
				);
				PRODUCT_BUNDLE_IDENTIFIER = com.Lancoo.NoteDemo;
				PRODUCT_NAME = "$(TARGET_NAME)";
				TARGETED_DEVICE_FAMILY = "1,2";
			};
			name = Debug;
		};
		3232644B216D9007005CC784 /* Release */ = {
			isa = XCBuildConfiguration;
			baseConfigurationReference = 1327CF5CEE302EAC89AC964E /* Pods-NoteDemo.release.xcconfig */;
			buildSettings = {
				ASSETCATALOG_COMPILER_APPICON_NAME = AppIcon;
				CODE_SIGN_STYLE = Automatic;
				DEVELOPMENT_TEAM = Z35S33J39R;
				GCC_PRECOMPILE_PREFIX_HEADER = NO;
				INFOPLIST_FILE = NoteDemo/Info.plist;
				LD_RUNPATH_SEARCH_PATHS = (
					"$(inherited)",
					"@executable_path/Frameworks",
				);
				PRODUCT_BUNDLE_IDENTIFIER = com.Lancoo.NoteDemo;
				PRODUCT_NAME = "$(TARGET_NAME)";
				TARGETED_DEVICE_FAMILY = "1,2";
			};
			name = Release;
		};
		3232644D216D9007005CC784 /* Debug */ = {
			isa = XCBuildConfiguration;
			buildSettings = {
				BUNDLE_LOADER = "$(TEST_HOST)";
				CODE_SIGN_STYLE = Automatic;
				DEVELOPMENT_TEAM = Z35S33J39R;
				INFOPLIST_FILE = NoteDemoTests/Info.plist;
				LD_RUNPATH_SEARCH_PATHS = (
					"$(inherited)",
					"@executable_path/Frameworks",
					"@loader_path/Frameworks",
				);
				PRODUCT_BUNDLE_IDENTIFIER = com.Lancoo.NoteDemoTests;
				PRODUCT_NAME = "$(TARGET_NAME)";
				TARGETED_DEVICE_FAMILY = "1,2";
				TEST_HOST = "$(BUILT_PRODUCTS_DIR)/NoteDemo.app/NoteDemo";
			};
			name = Debug;
		};
		3232644E216D9007005CC784 /* Release */ = {
			isa = XCBuildConfiguration;
			buildSettings = {
				BUNDLE_LOADER = "$(TEST_HOST)";
				CODE_SIGN_STYLE = Automatic;
				DEVELOPMENT_TEAM = Z35S33J39R;
				INFOPLIST_FILE = NoteDemoTests/Info.plist;
				LD_RUNPATH_SEARCH_PATHS = (
					"$(inherited)",
					"@executable_path/Frameworks",
					"@loader_path/Frameworks",
				);
				PRODUCT_BUNDLE_IDENTIFIER = com.Lancoo.NoteDemoTests;
				PRODUCT_NAME = "$(TARGET_NAME)";
				TARGETED_DEVICE_FAMILY = "1,2";
				TEST_HOST = "$(BUILT_PRODUCTS_DIR)/NoteDemo.app/NoteDemo";
			};
			name = Release;
		};
		32326450216D9007005CC784 /* Debug */ = {
			isa = XCBuildConfiguration;
			buildSettings = {
				CODE_SIGN_STYLE = Automatic;
				DEVELOPMENT_TEAM = Z35S33J39R;
				INFOPLIST_FILE = NoteDemoUITests/Info.plist;
				LD_RUNPATH_SEARCH_PATHS = (
					"$(inherited)",
					"@executable_path/Frameworks",
					"@loader_path/Frameworks",
				);
				PRODUCT_BUNDLE_IDENTIFIER = com.Lancoo.NoteDemoUITests;
				PRODUCT_NAME = "$(TARGET_NAME)";
				TARGETED_DEVICE_FAMILY = "1,2";
				TEST_TARGET_NAME = NoteDemo;
			};
			name = Debug;
		};
		32326451216D9007005CC784 /* Release */ = {
			isa = XCBuildConfiguration;
			buildSettings = {
				CODE_SIGN_STYLE = Automatic;
				DEVELOPMENT_TEAM = Z35S33J39R;
				INFOPLIST_FILE = NoteDemoUITests/Info.plist;
				LD_RUNPATH_SEARCH_PATHS = (
					"$(inherited)",
					"@executable_path/Frameworks",
					"@loader_path/Frameworks",
				);
				PRODUCT_BUNDLE_IDENTIFIER = com.Lancoo.NoteDemoUITests;
				PRODUCT_NAME = "$(TARGET_NAME)";
				TARGETED_DEVICE_FAMILY = "1,2";
				TEST_TARGET_NAME = NoteDemo;
			};
			name = Release;
		};
/* End XCBuildConfiguration section */

/* Begin XCConfigurationList section */
		32326418216D9006005CC784 /* Build configuration list for PBXProject "NoteDemo" */ = {
			isa = XCConfigurationList;
			buildConfigurations = (
				32326447216D9007005CC784 /* Debug */,
				32326448216D9007005CC784 /* Release */,
			);
			defaultConfigurationIsVisible = 0;
			defaultConfigurationName = Release;
		};
		32326449216D9007005CC784 /* Build configuration list for PBXNativeTarget "NoteDemo" */ = {
			isa = XCConfigurationList;
			buildConfigurations = (
				3232644A216D9007005CC784 /* Debug */,
				3232644B216D9007005CC784 /* Release */,
			);
			defaultConfigurationIsVisible = 0;
			defaultConfigurationName = Release;
		};
		3232644C216D9007005CC784 /* Build configuration list for PBXNativeTarget "NoteDemoTests" */ = {
			isa = XCConfigurationList;
			buildConfigurations = (
				3232644D216D9007005CC784 /* Debug */,
				3232644E216D9007005CC784 /* Release */,
			);
			defaultConfigurationIsVisible = 0;
			defaultConfigurationName = Release;
		};
		3232644F216D9007005CC784 /* Build configuration list for PBXNativeTarget "NoteDemoUITests" */ = {
			isa = XCConfigurationList;
			buildConfigurations = (
				32326450216D9007005CC784 /* Debug */,
				32326451216D9007005CC784 /* Release */,
			);
			defaultConfigurationIsVisible = 0;
			defaultConfigurationName = Release;
		};
/* End XCConfigurationList section */
	};
	rootObject = 32326415216D9006005CC784 /* Project object */;
}
