// !$*UTF8*$!
{
	archiveVersion = 1;
	classes = {
	};
	objectVersion = 50;
	objects = {

/* Begin PBXBuildFile section */
		320D4E8F224372EA0013872A /* NoteMoreImageTableViewCell.m in Sources */ = {isa = PBXBuildFile; fileRef = 320D4E8E224372EA0013872A /* NoteMoreImageTableViewCell.m */; };
		321156F3223637900000A054 /* NoteEditView.m in Sources */ = {isa = PBXBuildFile; fileRef = 321156F2223637900000A054 /* NoteEditView.m */; };
		3213D4912255F2DF009FC886 /* YBImageBrowser.m in Sources */ = {isa = PBXBuildFile; fileRef = 3213D4552255F2DF009FC886 /* YBImageBrowser.m */; };
		3213D4922255F2DF009FC886 /* YBVideoBrowseCell.m in Sources */ = {isa = PBXBuildFile; fileRef = 3213D45E2255F2DF009FC886 /* YBVideoBrowseCell.m */; };
		3213D4932255F2DF009FC886 /* YBVideoBrowseActionBar.m in Sources */ = {isa = PBXBuildFile; fileRef = 3213D4602255F2DF009FC886 /* YBVideoBrowseActionBar.m */; };
		3213D4942255F2DF009FC886 /* YBVideoBrowseTopBar.m in Sources */ = {isa = PBXBuildFile; fileRef = 3213D4642255F2DF009FC886 /* YBVideoBrowseTopBar.m */; };
		3213D4952255F2DF009FC886 /* YBVideoBrowseCellData.m in Sources */ = {isa = PBXBuildFile; fileRef = 3213D4652255F2DF009FC886 /* YBVideoBrowseCellData.m */; };
		3213D4962255F2DF009FC886 /* YBImageBrowserProgressView.m in Sources */ = {isa = PBXBuildFile; fileRef = 3213D4682255F2DF009FC886 /* YBImageBrowserProgressView.m */; };
		3213D4972255F2DF009FC886 /* YBImageBrowserToolBar.m in Sources */ = {isa = PBXBuildFile; fileRef = 3213D4692255F2DF009FC886 /* YBImageBrowserToolBar.m */; };
		3213D4982255F2DF009FC886 /* YBImageBrowserTipView.m in Sources */ = {isa = PBXBuildFile; fileRef = 3213D46D2255F2DF009FC886 /* YBImageBrowserTipView.m */; };
		3213D4992255F2DF009FC886 /* YBImageBrowserSheetView.m in Sources */ = {isa = PBXBuildFile; fileRef = 3213D46F2255F2DF009FC886 /* YBImageBrowserSheetView.m */; };
		3213D49A2255F2DF009FC886 /* YBImage.m in Sources */ = {isa = PBXBuildFile; fileRef = 3213D4712255F2DF009FC886 /* YBImage.m */; };
		3213D49B2255F2DF009FC886 /* YBImageBrowseCellData.m in Sources */ = {isa = PBXBuildFile; fileRef = 3213D4722255F2DF009FC886 /* YBImageBrowseCellData.m */; };
		3213D49C2255F2DF009FC886 /* YBImageBrowseCell.m in Sources */ = {isa = PBXBuildFile; fileRef = 3213D4772255F2DF009FC886 /* YBImageBrowseCell.m */; };
		3213D49D2255F2DF009FC886 /* YBIBWebImageManager.m in Sources */ = {isa = PBXBuildFile; fileRef = 3213D47D2255F2DF009FC886 /* YBIBWebImageManager.m */; };
		3213D49E2255F2DF009FC886 /* YBIBFileManager.m in Sources */ = {isa = PBXBuildFile; fileRef = 3213D4812255F2DF009FC886 /* YBIBFileManager.m */; };
		3213D49F2255F2DF009FC886 /* YBIBCopywriter.m in Sources */ = {isa = PBXBuildFile; fileRef = 3213D4822255F2DF009FC886 /* YBIBCopywriter.m */; };
		3213D4A02255F2DF009FC886 /* YBIBUtilities.m in Sources */ = {isa = PBXBuildFile; fileRef = 3213D4832255F2DF009FC886 /* YBIBUtilities.m */; };
		3213D4A12255F2DF009FC886 /* YBIBLayoutDirectionManager.m in Sources */ = {isa = PBXBuildFile; fileRef = 3213D4842255F2DF009FC886 /* YBIBLayoutDirectionManager.m */; };
		3213D4A22255F2DF009FC886 /* YBIBPhotoAlbumManager.m in Sources */ = {isa = PBXBuildFile; fileRef = 3213D4852255F2DF009FC886 /* YBIBPhotoAlbumManager.m */; };
		3213D4A32255F2DF009FC886 /* YBIBTransitionManager.m in Sources */ = {isa = PBXBuildFile; fileRef = 3213D4872255F2DF009FC886 /* YBIBTransitionManager.m */; };
		3213D4A42255F2DF009FC886 /* YBIBGestureInteractionProfile.m in Sources */ = {isa = PBXBuildFile; fileRef = 3213D4882255F2DF009FC886 /* YBIBGestureInteractionProfile.m */; };
		3213D4A52255F2DF009FC886 /* YBImageBrowserView.m in Sources */ = {isa = PBXBuildFile; fileRef = 3213D48A2255F2DF009FC886 /* YBImageBrowserView.m */; };
		3213D4A62255F2DF009FC886 /* YBImageBrowserViewLayout.m in Sources */ = {isa = PBXBuildFile; fileRef = 3213D48E2255F2DF009FC886 /* YBImageBrowserViewLayout.m */; };
		3213D4A72255F2DF009FC886 /* YBImageBrowser.bundle in Resources */ = {isa = PBXBuildFile; fileRef = 3213D4902255F2DF009FC886 /* YBImageBrowser.bundle */; };
		321932C6224263400019AA64 /* NoteMainImageTableViewCell.m in Sources */ = {isa = PBXBuildFile; fileRef = 321932C5224263400019AA64 /* NoteMainImageTableViewCell.m */; };
		321932C9224274D90019AA64 /* SubjectModel.m in Sources */ = {isa = PBXBuildFile; fileRef = 321932C8224274D90019AA64 /* SubjectModel.m */; };
		32326422216D9006005CC784 /* AppDelegate.m in Sources */ = {isa = PBXBuildFile; fileRef = 32326421216D9006005CC784 /* AppDelegate.m */; };
		32326425216D9006005CC784 /* ViewController.m in Sources */ = {isa = PBXBuildFile; fileRef = 32326424216D9006005CC784 /* ViewController.m */; };
		32326428216D9006005CC784 /* Main.storyboard in Resources */ = {isa = PBXBuildFile; fileRef = 32326426216D9006005CC784 /* Main.storyboard */; };
		3232642A216D9007005CC784 /* Assets.xcassets in Resources */ = {isa = PBXBuildFile; fileRef = 32326429216D9007005CC784 /* Assets.xcassets */; };
		3232642D216D9007005CC784 /* LaunchScreen.storyboard in Resources */ = {isa = PBXBuildFile; fileRef = 3232642B216D9007005CC784 /* LaunchScreen.storyboard */; };
		32326430216D9007005CC784 /* main.m in Sources */ = {isa = PBXBuildFile; fileRef = 3232642F216D9007005CC784 /* main.m */; };
		3232643A216D9007005CC784 /* NoteDemoTests.m in Sources */ = {isa = PBXBuildFile; fileRef = 32326439216D9007005CC784 /* NoteDemoTests.m */; };
		32326445216D9007005CC784 /* NoteDemoUITests.m in Sources */ = {isa = PBXBuildFile; fileRef = 32326444216D9007005CC784 /* NoteDemoUITests.m */; };
		32326456216D93A9005CC784 /* NoteModel.m in Sources */ = {isa = PBXBuildFile; fileRef = 32326455216D93A9005CC784 /* NoteModel.m */; };
		3232645C216DE8E2005CC784 /* NoteMainViewController.m in Sources */ = {isa = PBXBuildFile; fileRef = 3232645B216DE8E2005CC784 /* NoteMainViewController.m */; };
		3232645F216DE8F8005CC784 /* NoteEditViewController.m in Sources */ = {isa = PBXBuildFile; fileRef = 3232645E216DE8F8005CC784 /* NoteEditViewController.m */; };
		32326462216DE923005CC784 /* NoteSearchViewController.m in Sources */ = {isa = PBXBuildFile; fileRef = 32326461216DE923005CC784 /* NoteSearchViewController.m */; };
		32326465216DE963005CC784 /* NoteViewModel.m in Sources */ = {isa = PBXBuildFile; fileRef = 32326464216DE963005CC784 /* NoteViewModel.m */; };
		32326468216DED2D005CC784 /* NoteMainTableViewCell.m in Sources */ = {isa = PBXBuildFile; fileRef = 32326467216DED2D005CC784 /* NoteMainTableViewCell.m */; };
		32326474216DF420005CC784 /* NoteTools.m in Sources */ = {isa = PBXBuildFile; fileRef = 32326473216DF420005CC784 /* NoteTools.m */; };
		32326477216DF5D0005CC784 /* NoteMainTableView.m in Sources */ = {isa = PBXBuildFile; fileRef = 32326476216DF5D0005CC784 /* NoteMainTableView.m */; };
		3232647B216E2142005CC784 /* ParamModel.m in Sources */ = {isa = PBXBuildFile; fileRef = 3232647A216E2142005CC784 /* ParamModel.m */; };
		32326481216E265D005CC784 /* LGNoteMBAlert.m in Sources */ = {isa = PBXBuildFile; fileRef = 32326480216E265D005CC784 /* LGNoteMBAlert.m */; };
		32326487216E2C87005CC784 /* LGNoteNetworkManager.m in Sources */ = {isa = PBXBuildFile; fileRef = 32326486216E2C87005CC784 /* LGNoteNetworkManager.m */; };
		3232648D216E2C94005CC784 /* LGNoteBaseViewController.m in Sources */ = {isa = PBXBuildFile; fileRef = 32326489216E2C94005CC784 /* LGNoteBaseViewController.m */; };
		3232648E216E2C94005CC784 /* LGNoteBaseTableView.m in Sources */ = {isa = PBXBuildFile; fileRef = 3232648C216E2C94005CC784 /* LGNoteBaseTableView.m */; };
		32326491216E3796005CC784 /* SubjectPickerView.m in Sources */ = {isa = PBXBuildFile; fileRef = 32326490216E3796005CC784 /* SubjectPickerView.m */; };
		32326494216E398C005CC784 /* LGNoteBaseTextField.m in Sources */ = {isa = PBXBuildFile; fileRef = 32326493216E398C005CC784 /* LGNoteBaseTextField.m */; };
		3232649A216E3B35005CC784 /* LGNoteBaseTextView.m in Sources */ = {isa = PBXBuildFile; fileRef = 32326498216E3B35005CC784 /* LGNoteBaseTextView.m */; };
		3246AD03222FC8E200940E2D /* SearchToolView.m in Sources */ = {isa = PBXBuildFile; fileRef = 3246AD02222FC8E200940E2D /* SearchToolView.m */; };
		3246AD06222FC97200940E2D /* SearchToolViewConfigure.m in Sources */ = {isa = PBXBuildFile; fileRef = 3246AD05222FC97200940E2D /* SearchToolViewConfigure.m */; };
		324FF7BD22290FEF008EF565 /* NoteCustomWindow.m in Sources */ = {isa = PBXBuildFile; fileRef = 324FF7BC22290FEF008EF565 /* NoteCustomWindow.m */; };
		325BC3A1216EE2EB00D077F5 /* LGNote.bundle in Resources */ = {isa = PBXBuildFile; fileRef = 325BC3A0216EE2EB00D077F5 /* LGNote.bundle */; };
		325BC3A7216EF2E600D077F5 /* NoteFilterViewController.m in Sources */ = {isa = PBXBuildFile; fileRef = 325BC3A6216EF2E600D077F5 /* NoteFilterViewController.m */; };
		325BC3AE216EF7B800D077F5 /* NoteFilterCollectionViewCell.m in Sources */ = {isa = PBXBuildFile; fileRef = 325BC3A8216EF7B700D077F5 /* NoteFilterCollectionViewCell.m */; };
		325BC3B0216EF7B800D077F5 /* NoteFilterCollectionReusableViewHeader.m in Sources */ = {isa = PBXBuildFile; fileRef = 325BC3AD216EF7B800D077F5 /* NoteFilterCollectionReusableViewHeader.m */; };
		32B6BE6022485BD0001F9E10 /* NoteDrawSettingButtonView.m in Sources */ = {isa = PBXBuildFile; fileRef = 32B6BE5822485BD0001F9E10 /* NoteDrawSettingButtonView.m */; };
		32B6BE6122485BD0001F9E10 /* BoardBgCollectionViewCell.m in Sources */ = {isa = PBXBuildFile; fileRef = 32B6BE5922485BD0001F9E10 /* BoardBgCollectionViewCell.m */; };
		32B6BE6222485BD0001F9E10 /* PenFontBallView.m in Sources */ = {isa = PBXBuildFile; fileRef = 32B6BE5B22485BD0001F9E10 /* PenFontBallView.m */; };
		32B6BE6322485BD0001F9E10 /* BoardBgImageView.m in Sources */ = {isa = PBXBuildFile; fileRef = 32B6BE5C22485BD0001F9E10 /* BoardBgImageView.m */; };
		32B6BE6422485BD0001F9E10 /* NoteDrawSettingView.m in Sources */ = {isa = PBXBuildFile; fileRef = 32B6BE5F22485BD0001F9E10 /* NoteDrawSettingView.m */; };
		32B6BE6722485C09001F9E10 /* NoteDrawView.m in Sources */ = {isa = PBXBuildFile; fileRef = 32B6BE6622485C09001F9E10 /* NoteDrawView.m */; };
		32B6BE6A22485E4A001F9E10 /* LGNoteBaseModel.m in Sources */ = {isa = PBXBuildFile; fileRef = 32B6BE6922485E4A001F9E10 /* LGNoteBaseModel.m */; };
		32B6BE6D22485F2C001F9E10 /* DrawBoardModel.m in Sources */ = {isa = PBXBuildFile; fileRef = 32B6BE6C22485F2C001F9E10 /* DrawBoardModel.m */; };
		32B6BE7322487EBF001F9E10 /* YYClassInfo.m in Sources */ = {isa = PBXBuildFile; fileRef = 32B6BE7022487EBE001F9E10 /* YYClassInfo.m */; };
		32B6BE7422487EBF001F9E10 /* NSObject+YYModel.m in Sources */ = {isa = PBXBuildFile; fileRef = 32B6BE7222487EBF001F9E10 /* NSObject+YYModel.m */; };
		32B6BE8422488002001F9E10 /* NSString+Notes.m in Sources */ = {isa = PBXBuildFile; fileRef = 32B6BE7722488002001F9E10 /* NSString+Notes.m */; };
		32B6BE8522488002001F9E10 /* UITextView+Notes.m in Sources */ = {isa = PBXBuildFile; fileRef = 32B6BE7922488002001F9E10 /* UITextView+Notes.m */; };
		32B6BE8622488002001F9E10 /* UIButton+Notes.m in Sources */ = {isa = PBXBuildFile; fileRef = 32B6BE7A22488002001F9E10 /* UIButton+Notes.m */; };
		32B6BE8722488002001F9E10 /* NSBundle+Notes.m in Sources */ = {isa = PBXBuildFile; fileRef = 32B6BE7E22488002001F9E10 /* NSBundle+Notes.m */; };
		32B6BE8822488002001F9E10 /* NSString+NotesEmoji.m in Sources */ = {isa = PBXBuildFile; fileRef = 32B6BE8122488002001F9E10 /* NSString+NotesEmoji.m */; };
		32B6BE8922488002001F9E10 /* UIView+LGNote.m in Sources */ = {isa = PBXBuildFile; fileRef = 32B6BE8222488002001F9E10 /* UIView+LGNote.m */; };
		32B6BE8A22488002001F9E10 /* UIColor+Notes.m in Sources */ = {isa = PBXBuildFile; fileRef = 32B6BE8322488002001F9E10 /* UIColor+Notes.m */; };
		32B6BE8F224880FE001F9E10 /* LGNoteDrawBoardViewController.m in Sources */ = {isa = PBXBuildFile; fileRef = 32B6BE8B224880FD001F9E10 /* LGNoteDrawBoardViewController.m */; };
		32B6BE90224880FE001F9E10 /* LGNoteImagePickerViewController.m in Sources */ = {isa = PBXBuildFile; fileRef = 32B6BE8D224880FE001F9E10 /* LGNoteImagePickerViewController.m */; };
		32D72A9F2249B03B00FFB9B4 /* TKImageView.m in Sources */ = {isa = PBXBuildFile; fileRef = 32D72A9E2249B03A00FFB9B4 /* TKImageView.m */; };
		32D72AA22249B9FC00FFB9B4 /* LGNoteCutImageViewController.m in Sources */ = {isa = PBXBuildFile; fileRef = 32D72AA12249B9FC00FFB9B4 /* LGNoteCutImageViewController.m */; };
		32D72AA6224A43B200FFB9B4 /* NoteXMLDictionary.m in Sources */ = {isa = PBXBuildFile; fileRef = 32D72AA5224A43B200FFB9B4 /* NoteXMLDictionary.m */; };
		32D8CEFD2237D199000BD642 /* LGNoteBaseNavigationViewController.m in Sources */ = {isa = PBXBuildFile; fileRef = 32D8CEFC2237D199000BD642 /* LGNoteBaseNavigationViewController.m */; };
		32DA50BC224DC4450064787C /* NoteSourceDetailView.m in Sources */ = {isa = PBXBuildFile; fileRef = 32DA50BB224DC4450064787C /* NoteSourceDetailView.m */; };
		C089BECC87C865CAFC5664C8 /* Pods_NoteDemo.framework in Frameworks */ = {isa = PBXBuildFile; fileRef = F69574B6C56DF4CDE82A6315 /* Pods_NoteDemo.framework */; };
/* End PBXBuildFile section */

/* Begin PBXContainerItemProxy section */
		32326436216D9007005CC784 /* PBXContainerItemProxy */ = {
			isa = PBXContainerItemProxy;
			containerPortal = 32326415216D9006005CC784 /* Project object */;
			proxyType = 1;
			remoteGlobalIDString = 3232641C216D9006005CC784;
			remoteInfo = NoteDemo;
		};
		32326441216D9007005CC784 /* PBXContainerItemProxy */ = {
			isa = PBXContainerItemProxy;
			containerPortal = 32326415216D9006005CC784 /* Project object */;
			proxyType = 1;
			remoteGlobalIDString = 3232641C216D9006005CC784;
			remoteInfo = NoteDemo;
		};
/* End PBXContainerItemProxy section */

/* Begin PBXFileReference section */
		1327CF5CEE302EAC89AC964E /* Pods-NoteDemo.release.xcconfig */ = {isa = PBXFileReference; includeInIndex = 1; lastKnownFileType = text.xcconfig; name = "Pods-NoteDemo.release.xcconfig"; path = "Target Support Files/Pods-NoteDemo/Pods-NoteDemo.release.xcconfig"; sourceTree = "<group>"; };
		320D4E8D224372EA0013872A /* NoteMoreImageTableViewCell.h */ = {isa = PBXFileReference; lastKnownFileType = sourcecode.c.h; path = NoteMoreImageTableViewCell.h; sourceTree = "<group>"; };
		320D4E8E224372EA0013872A /* NoteMoreImageTableViewCell.m */ = {isa = PBXFileReference; lastKnownFileType = sourcecode.c.objc; path = NoteMoreImageTableViewCell.m; sourceTree = "<group>"; };
		321156F1223637900000A054 /* NoteEditView.h */ = {isa = PBXFileReference; lastKnownFileType = sourcecode.c.h; path = NoteEditView.h; sourceTree = "<group>"; };
		321156F2223637900000A054 /* NoteEditView.m */ = {isa = PBXFileReference; lastKnownFileType = sourcecode.c.objc; path = NoteEditView.m; sourceTree = "<group>"; };
		3213D4552255F2DF009FC886 /* YBImageBrowser.m */ = {isa = PBXFileReference; fileEncoding = 4; lastKnownFileType = sourcecode.c.objc; path = YBImageBrowser.m; sourceTree = "<group>"; };
		3213D4572255F2DF009FC886 /* YBImageBrowserSheetViewProtocol.h */ = {isa = PBXFileReference; fileEncoding = 4; lastKnownFileType = sourcecode.c.h; path = YBImageBrowserSheetViewProtocol.h; sourceTree = "<group>"; };
		3213D4582255F2DF009FC886 /* YBImageBrowserCellDataProtocol.h */ = {isa = PBXFileReference; fileEncoding = 4; lastKnownFileType = sourcecode.c.h; path = YBImageBrowserCellDataProtocol.h; sourceTree = "<group>"; };
		3213D4592255F2DF009FC886 /* YBImageBrowserToolBarProtocol.h */ = {isa = PBXFileReference; fileEncoding = 4; lastKnownFileType = sourcecode.c.h; path = YBImageBrowserToolBarProtocol.h; sourceTree = "<group>"; };
		3213D45A2255F2DF009FC886 /* YBImageBrowserDataSource.h */ = {isa = PBXFileReference; fileEncoding = 4; lastKnownFileType = sourcecode.c.h; path = YBImageBrowserDataSource.h; sourceTree = "<group>"; };
		3213D45B2255F2DF009FC886 /* YBImageBrowserCellProtocol.h */ = {isa = PBXFileReference; fileEncoding = 4; lastKnownFileType = sourcecode.c.h; path = YBImageBrowserCellProtocol.h; sourceTree = "<group>"; };
		3213D45C2255F2DF009FC886 /* YBImageBrowserDelegate.h */ = {isa = PBXFileReference; fileEncoding = 4; lastKnownFileType = sourcecode.c.h; path = YBImageBrowserDelegate.h; sourceTree = "<group>"; };
		3213D45E2255F2DF009FC886 /* YBVideoBrowseCell.m */ = {isa = PBXFileReference; fileEncoding = 4; lastKnownFileType = sourcecode.c.objc; path = YBVideoBrowseCell.m; sourceTree = "<group>"; };
		3213D45F2255F2DF009FC886 /* YBVideoBrowseCellData.h */ = {isa = PBXFileReference; fileEncoding = 4; lastKnownFileType = sourcecode.c.h; path = YBVideoBrowseCellData.h; sourceTree = "<group>"; };
		3213D4602255F2DF009FC886 /* YBVideoBrowseActionBar.m */ = {isa = PBXFileReference; fileEncoding = 4; lastKnownFileType = sourcecode.c.objc; path = YBVideoBrowseActionBar.m; sourceTree = "<group>"; };
		3213D4612255F2DF009FC886 /* YBVideoBrowseTopBar.h */ = {isa = PBXFileReference; fileEncoding = 4; lastKnownFileType = sourcecode.c.h; path = YBVideoBrowseTopBar.h; sourceTree = "<group>"; };
		3213D4622255F2DF009FC886 /* YBVideoBrowseCellData+Internal.h */ = {isa = PBXFileReference; fileEncoding = 4; lastKnownFileType = sourcecode.c.h; path = "YBVideoBrowseCellData+Internal.h"; sourceTree = "<group>"; };
		3213D4632255F2DF009FC886 /* YBVideoBrowseCell.h */ = {isa = PBXFileReference; fileEncoding = 4; lastKnownFileType = sourcecode.c.h; path = YBVideoBrowseCell.h; sourceTree = "<group>"; };
		3213D4642255F2DF009FC886 /* YBVideoBrowseTopBar.m */ = {isa = PBXFileReference; fileEncoding = 4; lastKnownFileType = sourcecode.c.objc; path = YBVideoBrowseTopBar.m; sourceTree = "<group>"; };
		3213D4652255F2DF009FC886 /* YBVideoBrowseCellData.m */ = {isa = PBXFileReference; fileEncoding = 4; lastKnownFileType = sourcecode.c.objc; path = YBVideoBrowseCellData.m; sourceTree = "<group>"; };
		3213D4662255F2DF009FC886 /* YBVideoBrowseActionBar.h */ = {isa = PBXFileReference; fileEncoding = 4; lastKnownFileType = sourcecode.c.h; path = YBVideoBrowseActionBar.h; sourceTree = "<group>"; };
		3213D4682255F2DF009FC886 /* YBImageBrowserProgressView.m */ = {isa = PBXFileReference; fileEncoding = 4; lastKnownFileType = sourcecode.c.objc; path = YBImageBrowserProgressView.m; sourceTree = "<group>"; };
		3213D4692255F2DF009FC886 /* YBImageBrowserToolBar.m */ = {isa = PBXFileReference; fileEncoding = 4; lastKnownFileType = sourcecode.c.objc; path = YBImageBrowserToolBar.m; sourceTree = "<group>"; };
		3213D46A2255F2DF009FC886 /* YBImageBrowserTipView.h */ = {isa = PBXFileReference; fileEncoding = 4; lastKnownFileType = sourcecode.c.h; path = YBImageBrowserTipView.h; sourceTree = "<group>"; };
		3213D46B2255F2DF009FC886 /* YBImageBrowserSheetView.h */ = {isa = PBXFileReference; fileEncoding = 4; lastKnownFileType = sourcecode.c.h; path = YBImageBrowserSheetView.h; sourceTree = "<group>"; };
		3213D46C2255F2DF009FC886 /* YBImageBrowserProgressView.h */ = {isa = PBXFileReference; fileEncoding = 4; lastKnownFileType = sourcecode.c.h; path = YBImageBrowserProgressView.h; sourceTree = "<group>"; };
		3213D46D2255F2DF009FC886 /* YBImageBrowserTipView.m */ = {isa = PBXFileReference; fileEncoding = 4; lastKnownFileType = sourcecode.c.objc; path = YBImageBrowserTipView.m; sourceTree = "<group>"; };
		3213D46E2255F2DF009FC886 /* YBImageBrowserToolBar.h */ = {isa = PBXFileReference; fileEncoding = 4; lastKnownFileType = sourcecode.c.h; path = YBImageBrowserToolBar.h; sourceTree = "<group>"; };
		3213D46F2255F2DF009FC886 /* YBImageBrowserSheetView.m */ = {isa = PBXFileReference; fileEncoding = 4; lastKnownFileType = sourcecode.c.objc; path = YBImageBrowserSheetView.m; sourceTree = "<group>"; };
		3213D4712255F2DF009FC886 /* YBImage.m */ = {isa = PBXFileReference; fileEncoding = 4; lastKnownFileType = sourcecode.c.objc; path = YBImage.m; sourceTree = "<group>"; };
		3213D4722255F2DF009FC886 /* YBImageBrowseCellData.m */ = {isa = PBXFileReference; fileEncoding = 4; lastKnownFileType = sourcecode.c.objc; path = YBImageBrowseCellData.m; sourceTree = "<group>"; };
		3213D4732255F2DF009FC886 /* YBImageBrowseCellData+Internal.h */ = {isa = PBXFileReference; fileEncoding = 4; lastKnownFileType = sourcecode.c.h; path = "YBImageBrowseCellData+Internal.h"; sourceTree = "<group>"; };
		3213D4742255F2DF009FC886 /* YBImageBrowseCell.h */ = {isa = PBXFileReference; fileEncoding = 4; lastKnownFileType = sourcecode.c.h; path = YBImageBrowseCell.h; sourceTree = "<group>"; };
		3213D4752255F2DF009FC886 /* YBImage.h */ = {isa = PBXFileReference; fileEncoding = 4; lastKnownFileType = sourcecode.c.h; path = YBImage.h; sourceTree = "<group>"; };
		3213D4762255F2DF009FC886 /* YBImageBrowseCellData.h */ = {isa = PBXFileReference; fileEncoding = 4; lastKnownFileType = sourcecode.c.h; path = YBImageBrowseCellData.h; sourceTree = "<group>"; };
		3213D4772255F2DF009FC886 /* YBImageBrowseCell.m */ = {isa = PBXFileReference; fileEncoding = 4; lastKnownFileType = sourcecode.c.objc; path = YBImageBrowseCell.m; sourceTree = "<group>"; };
		3213D4792255F2DF009FC886 /* YBIBFileManager.h */ = {isa = PBXFileReference; fileEncoding = 4; lastKnownFileType = sourcecode.c.h; path = YBIBFileManager.h; sourceTree = "<group>"; };
		3213D47A2255F2DF009FC886 /* YBIBLayoutDirectionManager.h */ = {isa = PBXFileReference; fileEncoding = 4; lastKnownFileType = sourcecode.c.h; path = YBIBLayoutDirectionManager.h; sourceTree = "<group>"; };
		3213D47B2255F2DF009FC886 /* YBIBCopywriter.h */ = {isa = PBXFileReference; fileEncoding = 4; lastKnownFileType = sourcecode.c.h; path = YBIBCopywriter.h; sourceTree = "<group>"; };
		3213D47C2255F2DF009FC886 /* YBIBUtilities.h */ = {isa = PBXFileReference; fileEncoding = 4; lastKnownFileType = sourcecode.c.h; path = YBIBUtilities.h; sourceTree = "<group>"; };
		3213D47D2255F2DF009FC886 /* YBIBWebImageManager.m */ = {isa = PBXFileReference; fileEncoding = 4; lastKnownFileType = sourcecode.c.objc; path = YBIBWebImageManager.m; sourceTree = "<group>"; };
		3213D47E2255F2DF009FC886 /* YBIBPhotoAlbumManager.h */ = {isa = PBXFileReference; fileEncoding = 4; lastKnownFileType = sourcecode.c.h; path = YBIBPhotoAlbumManager.h; sourceTree = "<group>"; };
		3213D47F2255F2DF009FC886 /* YBIBTransitionManager.h */ = {isa = PBXFileReference; fileEncoding = 4; lastKnownFileType = sourcecode.c.h; path = YBIBTransitionManager.h; sourceTree = "<group>"; };
		3213D4802255F2DF009FC886 /* YBIBGestureInteractionProfile.h */ = {isa = PBXFileReference; fileEncoding = 4; lastKnownFileType = sourcecode.c.h; path = YBIBGestureInteractionProfile.h; sourceTree = "<group>"; };
		3213D4812255F2DF009FC886 /* YBIBFileManager.m */ = {isa = PBXFileReference; fileEncoding = 4; lastKnownFileType = sourcecode.c.objc; path = YBIBFileManager.m; sourceTree = "<group>"; };
		3213D4822255F2DF009FC886 /* YBIBCopywriter.m */ = {isa = PBXFileReference; fileEncoding = 4; lastKnownFileType = sourcecode.c.objc; path = YBIBCopywriter.m; sourceTree = "<group>"; };
		3213D4832255F2DF009FC886 /* YBIBUtilities.m */ = {isa = PBXFileReference; fileEncoding = 4; lastKnownFileType = sourcecode.c.objc; path = YBIBUtilities.m; sourceTree = "<group>"; };
		3213D4842255F2DF009FC886 /* YBIBLayoutDirectionManager.m */ = {isa = PBXFileReference; fileEncoding = 4; lastKnownFileType = sourcecode.c.objc; path = YBIBLayoutDirectionManager.m; sourceTree = "<group>"; };
		3213D4852255F2DF009FC886 /* YBIBPhotoAlbumManager.m */ = {isa = PBXFileReference; fileEncoding = 4; lastKnownFileType = sourcecode.c.objc; path = YBIBPhotoAlbumManager.m; sourceTree = "<group>"; };
		3213D4862255F2DF009FC886 /* YBIBWebImageManager.h */ = {isa = PBXFileReference; fileEncoding = 4; lastKnownFileType = sourcecode.c.h; path = YBIBWebImageManager.h; sourceTree = "<group>"; };
		3213D4872255F2DF009FC886 /* YBIBTransitionManager.m */ = {isa = PBXFileReference; fileEncoding = 4; lastKnownFileType = sourcecode.c.objc; path = YBIBTransitionManager.m; sourceTree = "<group>"; };
		3213D4882255F2DF009FC886 /* YBIBGestureInteractionProfile.m */ = {isa = PBXFileReference; fileEncoding = 4; lastKnownFileType = sourcecode.c.objc; path = YBIBGestureInteractionProfile.m; sourceTree = "<group>"; };
		3213D48A2255F2DF009FC886 /* YBImageBrowserView.m */ = {isa = PBXFileReference; fileEncoding = 4; lastKnownFileType = sourcecode.c.objc; path = YBImageBrowserView.m; sourceTree = "<group>"; };
		3213D48B2255F2DF009FC886 /* YBImageBrowser+Internal.h */ = {isa = PBXFileReference; fileEncoding = 4; lastKnownFileType = sourcecode.c.h; path = "YBImageBrowser+Internal.h"; sourceTree = "<group>"; };
		3213D48C2255F2DF009FC886 /* YBImageBrowserViewLayout.h */ = {isa = PBXFileReference; fileEncoding = 4; lastKnownFileType = sourcecode.c.h; path = YBImageBrowserViewLayout.h; sourceTree = "<group>"; };
		3213D48D2255F2DF009FC886 /* YBImageBrowserView.h */ = {isa = PBXFileReference; fileEncoding = 4; lastKnownFileType = sourcecode.c.h; path = YBImageBrowserView.h; sourceTree = "<group>"; };
		3213D48E2255F2DF009FC886 /* YBImageBrowserViewLayout.m */ = {isa = PBXFileReference; fileEncoding = 4; lastKnownFileType = sourcecode.c.objc; path = YBImageBrowserViewLayout.m; sourceTree = "<group>"; };
		3213D48F2255F2DF009FC886 /* YBImageBrowser.h */ = {isa = PBXFileReference; fileEncoding = 4; lastKnownFileType = sourcecode.c.h; path = YBImageBrowser.h; sourceTree = "<group>"; };
		3213D4902255F2DF009FC886 /* YBImageBrowser.bundle */ = {isa = PBXFileReference; lastKnownFileType = "wrapper.plug-in"; path = YBImageBrowser.bundle; sourceTree = "<group>"; };
		321932C4224263400019AA64 /* NoteMainImageTableViewCell.h */ = {isa = PBXFileReference; lastKnownFileType = sourcecode.c.h; path = NoteMainImageTableViewCell.h; sourceTree = "<group>"; };
		321932C5224263400019AA64 /* NoteMainImageTableViewCell.m */ = {isa = PBXFileReference; lastKnownFileType = sourcecode.c.objc; path = NoteMainImageTableViewCell.m; sourceTree = "<group>"; };
		321932C7224274D90019AA64 /* SubjectModel.h */ = {isa = PBXFileReference; lastKnownFileType = sourcecode.c.h; path = SubjectModel.h; sourceTree = "<group>"; };
		321932C8224274D90019AA64 /* SubjectModel.m */ = {isa = PBXFileReference; lastKnownFileType = sourcecode.c.objc; path = SubjectModel.m; sourceTree = "<group>"; };
		3232641D216D9006005CC784 /* NoteDemo.app */ = {isa = PBXFileReference; explicitFileType = wrapper.application; includeInIndex = 0; path = NoteDemo.app; sourceTree = BUILT_PRODUCTS_DIR; };
		32326420216D9006005CC784 /* AppDelegate.h */ = {isa = PBXFileReference; lastKnownFileType = sourcecode.c.h; path = AppDelegate.h; sourceTree = "<group>"; };
		32326421216D9006005CC784 /* AppDelegate.m */ = {isa = PBXFileReference; lastKnownFileType = sourcecode.c.objc; path = AppDelegate.m; sourceTree = "<group>"; };
		32326423216D9006005CC784 /* ViewController.h */ = {isa = PBXFileReference; lastKnownFileType = sourcecode.c.h; path = ViewController.h; sourceTree = "<group>"; };
		32326424216D9006005CC784 /* ViewController.m */ = {isa = PBXFileReference; lastKnownFileType = sourcecode.c.objc; path = ViewController.m; sourceTree = "<group>"; };
		32326427216D9006005CC784 /* Base */ = {isa = PBXFileReference; lastKnownFileType = file.storyboard; name = Base; path = Base.lproj/Main.storyboard; sourceTree = "<group>"; };
		32326429216D9007005CC784 /* Assets.xcassets */ = {isa = PBXFileReference; lastKnownFileType = folder.assetcatalog; path = Assets.xcassets; sourceTree = "<group>"; };
		3232642C216D9007005CC784 /* Base */ = {isa = PBXFileReference; lastKnownFileType = file.storyboard; name = Base; path = Base.lproj/LaunchScreen.storyboard; sourceTree = "<group>"; };
		3232642E216D9007005CC784 /* Info.plist */ = {isa = PBXFileReference; lastKnownFileType = text.plist.xml; path = Info.plist; sourceTree = "<group>"; };
		3232642F216D9007005CC784 /* main.m */ = {isa = PBXFileReference; lastKnownFileType = sourcecode.c.objc; path = main.m; sourceTree = "<group>"; };
		32326435216D9007005CC784 /* NoteDemoTests.xctest */ = {isa = PBXFileReference; explicitFileType = wrapper.cfbundle; includeInIndex = 0; path = NoteDemoTests.xctest; sourceTree = BUILT_PRODUCTS_DIR; };
		32326439216D9007005CC784 /* NoteDemoTests.m */ = {isa = PBXFileReference; lastKnownFileType = sourcecode.c.objc; path = NoteDemoTests.m; sourceTree = "<group>"; };
		3232643B216D9007005CC784 /* Info.plist */ = {isa = PBXFileReference; lastKnownFileType = text.plist.xml; path = Info.plist; sourceTree = "<group>"; };
		32326440216D9007005CC784 /* NoteDemoUITests.xctest */ = {isa = PBXFileReference; explicitFileType = wrapper.cfbundle; includeInIndex = 0; path = NoteDemoUITests.xctest; sourceTree = BUILT_PRODUCTS_DIR; };
		32326444216D9007005CC784 /* NoteDemoUITests.m */ = {isa = PBXFileReference; lastKnownFileType = sourcecode.c.objc; path = NoteDemoUITests.m; sourceTree = "<group>"; };
		32326446216D9007005CC784 /* Info.plist */ = {isa = PBXFileReference; lastKnownFileType = text.plist.xml; path = Info.plist; sourceTree = "<group>"; };
		32326454216D93A9005CC784 /* NoteModel.h */ = {isa = PBXFileReference; lastKnownFileType = sourcecode.c.h; path = NoteModel.h; sourceTree = "<group>"; };
		32326455216D93A9005CC784 /* NoteModel.m */ = {isa = PBXFileReference; lastKnownFileType = sourcecode.c.objc; path = NoteModel.m; sourceTree = "<group>"; };
		3232645A216DE8E2005CC784 /* NoteMainViewController.h */ = {isa = PBXFileReference; lastKnownFileType = sourcecode.c.h; path = NoteMainViewController.h; sourceTree = "<group>"; };
		3232645B216DE8E2005CC784 /* NoteMainViewController.m */ = {isa = PBXFileReference; lastKnownFileType = sourcecode.c.objc; path = NoteMainViewController.m; sourceTree = "<group>"; };
		3232645D216DE8F8005CC784 /* NoteEditViewController.h */ = {isa = PBXFileReference; lastKnownFileType = sourcecode.c.h; path = NoteEditViewController.h; sourceTree = "<group>"; };
		3232645E216DE8F8005CC784 /* NoteEditViewController.m */ = {isa = PBXFileReference; lastKnownFileType = sourcecode.c.objc; path = NoteEditViewController.m; sourceTree = "<group>"; };
		32326460216DE923005CC784 /* NoteSearchViewController.h */ = {isa = PBXFileReference; lastKnownFileType = sourcecode.c.h; path = NoteSearchViewController.h; sourceTree = "<group>"; };
		32326461216DE923005CC784 /* NoteSearchViewController.m */ = {isa = PBXFileReference; lastKnownFileType = sourcecode.c.objc; path = NoteSearchViewController.m; sourceTree = "<group>"; };
		32326463216DE963005CC784 /* NoteViewModel.h */ = {isa = PBXFileReference; lastKnownFileType = sourcecode.c.h; path = NoteViewModel.h; sourceTree = "<group>"; };
		32326464216DE963005CC784 /* NoteViewModel.m */ = {isa = PBXFileReference; lastKnownFileType = sourcecode.c.objc; path = NoteViewModel.m; sourceTree = "<group>"; };
		32326466216DED2D005CC784 /* NoteMainTableViewCell.h */ = {isa = PBXFileReference; lastKnownFileType = sourcecode.c.h; path = NoteMainTableViewCell.h; sourceTree = "<group>"; };
		32326467216DED2D005CC784 /* NoteMainTableViewCell.m */ = {isa = PBXFileReference; lastKnownFileType = sourcecode.c.objc; path = NoteMainTableViewCell.m; sourceTree = "<group>"; };
		32326471216DF03A005CC784 /* Configure.h */ = {isa = PBXFileReference; lastKnownFileType = sourcecode.c.h; path = Configure.h; sourceTree = "<group>"; };
		32326472216DF420005CC784 /* NoteTools.h */ = {isa = PBXFileReference; lastKnownFileType = sourcecode.c.h; path = NoteTools.h; sourceTree = "<group>"; };
		32326473216DF420005CC784 /* NoteTools.m */ = {isa = PBXFileReference; lastKnownFileType = sourcecode.c.objc; path = NoteTools.m; sourceTree = "<group>"; };
		32326475216DF5D0005CC784 /* NoteMainTableView.h */ = {isa = PBXFileReference; lastKnownFileType = sourcecode.c.h; path = NoteMainTableView.h; sourceTree = "<group>"; };
		32326476216DF5D0005CC784 /* NoteMainTableView.m */ = {isa = PBXFileReference; lastKnownFileType = sourcecode.c.objc; path = NoteMainTableView.m; sourceTree = "<group>"; };
		32326479216E2142005CC784 /* ParamModel.h */ = {isa = PBXFileReference; lastKnownFileType = sourcecode.c.h; path = ParamModel.h; sourceTree = "<group>"; };
		3232647A216E2142005CC784 /* ParamModel.m */ = {isa = PBXFileReference; lastKnownFileType = sourcecode.c.objc; path = ParamModel.m; sourceTree = "<group>"; };
		3232647F216E265D005CC784 /* LGNoteMBAlert.h */ = {isa = PBXFileReference; lastKnownFileType = sourcecode.c.h; path = LGNoteMBAlert.h; sourceTree = "<group>"; };
		32326480216E265D005CC784 /* LGNoteMBAlert.m */ = {isa = PBXFileReference; lastKnownFileType = sourcecode.c.objc; path = LGNoteMBAlert.m; sourceTree = "<group>"; };
		32326485216E2C87005CC784 /* LGNoteNetworkManager.h */ = {isa = PBXFileReference; fileEncoding = 4; lastKnownFileType = sourcecode.c.h; path = LGNoteNetworkManager.h; sourceTree = "<group>"; };
		32326486216E2C87005CC784 /* LGNoteNetworkManager.m */ = {isa = PBXFileReference; fileEncoding = 4; lastKnownFileType = sourcecode.c.objc; path = LGNoteNetworkManager.m; sourceTree = "<group>"; };
		32326489216E2C94005CC784 /* LGNoteBaseViewController.m */ = {isa = PBXFileReference; fileEncoding = 4; lastKnownFileType = sourcecode.c.objc; path = LGNoteBaseViewController.m; sourceTree = "<group>"; };
		3232648A216E2C94005CC784 /* LGNoteBaseTableView.h */ = {isa = PBXFileReference; fileEncoding = 4; lastKnownFileType = sourcecode.c.h; path = LGNoteBaseTableView.h; sourceTree = "<group>"; };
		3232648B216E2C94005CC784 /* LGNoteBaseViewController.h */ = {isa = PBXFileReference; fileEncoding = 4; lastKnownFileType = sourcecode.c.h; path = LGNoteBaseViewController.h; sourceTree = "<group>"; };
		3232648C216E2C94005CC784 /* LGNoteBaseTableView.m */ = {isa = PBXFileReference; fileEncoding = 4; lastKnownFileType = sourcecode.c.objc; path = LGNoteBaseTableView.m; sourceTree = "<group>"; };
		3232648F216E3796005CC784 /* SubjectPickerView.h */ = {isa = PBXFileReference; lastKnownFileType = sourcecode.c.h; path = SubjectPickerView.h; sourceTree = "<group>"; };
		32326490216E3796005CC784 /* SubjectPickerView.m */ = {isa = PBXFileReference; lastKnownFileType = sourcecode.c.objc; path = SubjectPickerView.m; sourceTree = "<group>"; };
		32326492216E398C005CC784 /* LGNoteBaseTextField.h */ = {isa = PBXFileReference; fileEncoding = 4; lastKnownFileType = sourcecode.c.h; path = LGNoteBaseTextField.h; sourceTree = "<group>"; };
		32326493216E398C005CC784 /* LGNoteBaseTextField.m */ = {isa = PBXFileReference; fileEncoding = 4; lastKnownFileType = sourcecode.c.objc; path = LGNoteBaseTextField.m; sourceTree = "<group>"; };
		32326498216E3B35005CC784 /* LGNoteBaseTextView.m */ = {isa = PBXFileReference; fileEncoding = 4; lastKnownFileType = sourcecode.c.objc; path = LGNoteBaseTextView.m; sourceTree = "<group>"; };
		32326499216E3B35005CC784 /* LGNoteBaseTextView.h */ = {isa = PBXFileReference; fileEncoding = 4; lastKnownFileType = sourcecode.c.h; path = LGNoteBaseTextView.h; sourceTree = "<group>"; };
		3246AD01222FC8E200940E2D /* SearchToolView.h */ = {isa = PBXFileReference; lastKnownFileType = sourcecode.c.h; path = SearchToolView.h; sourceTree = "<group>"; };
		3246AD02222FC8E200940E2D /* SearchToolView.m */ = {isa = PBXFileReference; lastKnownFileType = sourcecode.c.objc; path = SearchToolView.m; sourceTree = "<group>"; };
		3246AD04222FC97200940E2D /* SearchToolViewConfigure.h */ = {isa = PBXFileReference; lastKnownFileType = sourcecode.c.h; path = SearchToolViewConfigure.h; sourceTree = "<group>"; };
		3246AD05222FC97200940E2D /* SearchToolViewConfigure.m */ = {isa = PBXFileReference; lastKnownFileType = sourcecode.c.objc; path = SearchToolViewConfigure.m; sourceTree = "<group>"; };
		324FF7BB22290FEF008EF565 /* NoteCustomWindow.h */ = {isa = PBXFileReference; lastKnownFileType = sourcecode.c.h; path = NoteCustomWindow.h; sourceTree = "<group>"; };
		324FF7BC22290FEF008EF565 /* NoteCustomWindow.m */ = {isa = PBXFileReference; lastKnownFileType = sourcecode.c.objc; path = NoteCustomWindow.m; sourceTree = "<group>"; };
		325BC3A0216EE2EB00D077F5 /* LGNote.bundle */ = {isa = PBXFileReference; lastKnownFileType = "wrapper.plug-in"; path = LGNote.bundle; sourceTree = "<group>"; };
		325BC3A5216EF2E600D077F5 /* NoteFilterViewController.h */ = {isa = PBXFileReference; lastKnownFileType = sourcecode.c.h; path = NoteFilterViewController.h; sourceTree = "<group>"; };
		325BC3A6216EF2E600D077F5 /* NoteFilterViewController.m */ = {isa = PBXFileReference; lastKnownFileType = sourcecode.c.objc; path = NoteFilterViewController.m; sourceTree = "<group>"; };
		325BC3A8216EF7B700D077F5 /* NoteFilterCollectionViewCell.m */ = {isa = PBXFileReference; fileEncoding = 4; lastKnownFileType = sourcecode.c.objc; path = NoteFilterCollectionViewCell.m; sourceTree = "<group>"; };
		325BC3A9216EF7B700D077F5 /* NoteFilterCollectionViewCell.h */ = {isa = PBXFileReference; fileEncoding = 4; lastKnownFileType = sourcecode.c.h; path = NoteFilterCollectionViewCell.h; sourceTree = "<group>"; };
		325BC3AA216EF7B700D077F5 /* NoteFilterCollectionReusableViewHeader.h */ = {isa = PBXFileReference; fileEncoding = 4; lastKnownFileType = sourcecode.c.h; path = NoteFilterCollectionReusableViewHeader.h; sourceTree = "<group>"; };
		325BC3AD216EF7B800D077F5 /* NoteFilterCollectionReusableViewHeader.m */ = {isa = PBXFileReference; fileEncoding = 4; lastKnownFileType = sourcecode.c.objc; path = NoteFilterCollectionReusableViewHeader.m; sourceTree = "<group>"; };
		3267FD6E2170372700CCBCEF /* LGNoteConfigure.h */ = {isa = PBXFileReference; lastKnownFileType = sourcecode.c.h; path = LGNoteConfigure.h; sourceTree = "<group>"; };
		32B6BE5622485BD0001F9E10 /* NoteDrawSettingButtonView.h */ = {isa = PBXFileReference; fileEncoding = 4; lastKnownFileType = sourcecode.c.h; path = NoteDrawSettingButtonView.h; sourceTree = "<group>"; };
		32B6BE5722485BD0001F9E10 /* BoardBgImageView.h */ = {isa = PBXFileReference; fileEncoding = 4; lastKnownFileType = sourcecode.c.h; path = BoardBgImageView.h; sourceTree = "<group>"; };
		32B6BE5822485BD0001F9E10 /* NoteDrawSettingButtonView.m */ = {isa = PBXFileReference; fileEncoding = 4; lastKnownFileType = sourcecode.c.objc; path = NoteDrawSettingButtonView.m; sourceTree = "<group>"; };
		32B6BE5922485BD0001F9E10 /* BoardBgCollectionViewCell.m */ = {isa = PBXFileReference; fileEncoding = 4; lastKnownFileType = sourcecode.c.objc; path = BoardBgCollectionViewCell.m; sourceTree = "<group>"; };
		32B6BE5A22485BD0001F9E10 /* PenFontBallView.h */ = {isa = PBXFileReference; fileEncoding = 4; lastKnownFileType = sourcecode.c.h; path = PenFontBallView.h; sourceTree = "<group>"; };
		32B6BE5B22485BD0001F9E10 /* PenFontBallView.m */ = {isa = PBXFileReference; fileEncoding = 4; lastKnownFileType = sourcecode.c.objc; path = PenFontBallView.m; sourceTree = "<group>"; };
		32B6BE5C22485BD0001F9E10 /* BoardBgImageView.m */ = {isa = PBXFileReference; fileEncoding = 4; lastKnownFileType = sourcecode.c.objc; path = BoardBgImageView.m; sourceTree = "<group>"; };
		32B6BE5D22485BD0001F9E10 /* BoardBgCollectionViewCell.h */ = {isa = PBXFileReference; fileEncoding = 4; lastKnownFileType = sourcecode.c.h; path = BoardBgCollectionViewCell.h; sourceTree = "<group>"; };
		32B6BE5E22485BD0001F9E10 /* NoteDrawSettingView.h */ = {isa = PBXFileReference; fileEncoding = 4; lastKnownFileType = sourcecode.c.h; path = NoteDrawSettingView.h; sourceTree = "<group>"; };
		32B6BE5F22485BD0001F9E10 /* NoteDrawSettingView.m */ = {isa = PBXFileReference; fileEncoding = 4; lastKnownFileType = sourcecode.c.objc; path = NoteDrawSettingView.m; sourceTree = "<group>"; };
		32B6BE6522485C09001F9E10 /* NoteDrawView.h */ = {isa = PBXFileReference; lastKnownFileType = sourcecode.c.h; path = NoteDrawView.h; sourceTree = "<group>"; };
		32B6BE6622485C09001F9E10 /* NoteDrawView.m */ = {isa = PBXFileReference; lastKnownFileType = sourcecode.c.objc; path = NoteDrawView.m; sourceTree = "<group>"; };
		32B6BE6822485E4A001F9E10 /* LGNoteBaseModel.h */ = {isa = PBXFileReference; lastKnownFileType = sourcecode.c.h; path = LGNoteBaseModel.h; sourceTree = "<group>"; };
		32B6BE6922485E4A001F9E10 /* LGNoteBaseModel.m */ = {isa = PBXFileReference; lastKnownFileType = sourcecode.c.objc; path = LGNoteBaseModel.m; sourceTree = "<group>"; };
		32B6BE6B22485F2C001F9E10 /* DrawBoardModel.h */ = {isa = PBXFileReference; lastKnownFileType = sourcecode.c.h; path = DrawBoardModel.h; sourceTree = "<group>"; };
		32B6BE6C22485F2C001F9E10 /* DrawBoardModel.m */ = {isa = PBXFileReference; lastKnownFileType = sourcecode.c.objc; path = DrawBoardModel.m; sourceTree = "<group>"; };
		32B6BE6E22487EBE001F9E10 /* YYClassInfo.h */ = {isa = PBXFileReference; fileEncoding = 4; lastKnownFileType = sourcecode.c.h; path = YYClassInfo.h; sourceTree = "<group>"; };
		32B6BE6F22487EBE001F9E10 /* NSObject+YYModel.h */ = {isa = PBXFileReference; fileEncoding = 4; lastKnownFileType = sourcecode.c.h; path = "NSObject+YYModel.h"; sourceTree = "<group>"; };
		32B6BE7022487EBE001F9E10 /* YYClassInfo.m */ = {isa = PBXFileReference; fileEncoding = 4; lastKnownFileType = sourcecode.c.objc; path = YYClassInfo.m; sourceTree = "<group>"; };
		32B6BE7122487EBF001F9E10 /* YYModel.h */ = {isa = PBXFileReference; fileEncoding = 4; lastKnownFileType = sourcecode.c.h; path = YYModel.h; sourceTree = "<group>"; };
		32B6BE7222487EBF001F9E10 /* NSObject+YYModel.m */ = {isa = PBXFileReference; fileEncoding = 4; lastKnownFileType = sourcecode.c.objc; path = "NSObject+YYModel.m"; sourceTree = "<group>"; };
		32B6BE7622488002001F9E10 /* NSBundle+Notes.h */ = {isa = PBXFileReference; fileEncoding = 4; lastKnownFileType = sourcecode.c.h; path = "NSBundle+Notes.h"; sourceTree = "<group>"; };
		32B6BE7722488002001F9E10 /* NSString+Notes.m */ = {isa = PBXFileReference; fileEncoding = 4; lastKnownFileType = sourcecode.c.objc; path = "NSString+Notes.m"; sourceTree = "<group>"; };
		32B6BE7822488002001F9E10 /* NSString+NotesEmoji.h */ = {isa = PBXFileReference; fileEncoding = 4; lastKnownFileType = sourcecode.c.h; path = "NSString+NotesEmoji.h"; sourceTree = "<group>"; };
		32B6BE7922488002001F9E10 /* UITextView+Notes.m */ = {isa = PBXFileReference; fileEncoding = 4; lastKnownFileType = sourcecode.c.objc; path = "UITextView+Notes.m"; sourceTree = "<group>"; };
		32B6BE7A22488002001F9E10 /* UIButton+Notes.m */ = {isa = PBXFileReference; fileEncoding = 4; lastKnownFileType = sourcecode.c.objc; path = "UIButton+Notes.m"; sourceTree = "<group>"; };
		32B6BE7B22488002001F9E10 /* UIColor+Notes.h */ = {isa = PBXFileReference; fileEncoding = 4; lastKnownFileType = sourcecode.c.h; path = "UIColor+Notes.h"; sourceTree = "<group>"; };
		32B6BE7C22488002001F9E10 /* UIView+LGNote.h */ = {isa = PBXFileReference; fileEncoding = 4; lastKnownFileType = sourcecode.c.h; path = "UIView+LGNote.h"; sourceTree = "<group>"; };
		32B6BE7D22488002001F9E10 /* NSString+Notes.h */ = {isa = PBXFileReference; fileEncoding = 4; lastKnownFileType = sourcecode.c.h; path = "NSString+Notes.h"; sourceTree = "<group>"; };
		32B6BE7E22488002001F9E10 /* NSBundle+Notes.m */ = {isa = PBXFileReference; fileEncoding = 4; lastKnownFileType = sourcecode.c.objc; path = "NSBundle+Notes.m"; sourceTree = "<group>"; };
		32B6BE7F22488002001F9E10 /* UIButton+Notes.h */ = {isa = PBXFileReference; fileEncoding = 4; lastKnownFileType = sourcecode.c.h; path = "UIButton+Notes.h"; sourceTree = "<group>"; };
		32B6BE8022488002001F9E10 /* UITextView+Notes.h */ = {isa = PBXFileReference; fileEncoding = 4; lastKnownFileType = sourcecode.c.h; path = "UITextView+Notes.h"; sourceTree = "<group>"; };
		32B6BE8122488002001F9E10 /* NSString+NotesEmoji.m */ = {isa = PBXFileReference; fileEncoding = 4; lastKnownFileType = sourcecode.c.objc; path = "NSString+NotesEmoji.m"; sourceTree = "<group>"; };
		32B6BE8222488002001F9E10 /* UIView+LGNote.m */ = {isa = PBXFileReference; fileEncoding = 4; lastKnownFileType = sourcecode.c.objc; path = "UIView+LGNote.m"; sourceTree = "<group>"; };
		32B6BE8322488002001F9E10 /* UIColor+Notes.m */ = {isa = PBXFileReference; fileEncoding = 4; lastKnownFileType = sourcecode.c.objc; path = "UIColor+Notes.m"; sourceTree = "<group>"; };
		32B6BE8B224880FD001F9E10 /* LGNoteDrawBoardViewController.m */ = {isa = PBXFileReference; fileEncoding = 4; lastKnownFileType = sourcecode.c.objc; path = LGNoteDrawBoardViewController.m; sourceTree = "<group>"; };
		32B6BE8C224880FE001F9E10 /* LGNoteImagePickerViewController.h */ = {isa = PBXFileReference; fileEncoding = 4; lastKnownFileType = sourcecode.c.h; path = LGNoteImagePickerViewController.h; sourceTree = "<group>"; };
		32B6BE8D224880FE001F9E10 /* LGNoteImagePickerViewController.m */ = {isa = PBXFileReference; fileEncoding = 4; lastKnownFileType = sourcecode.c.objc; path = LGNoteImagePickerViewController.m; sourceTree = "<group>"; };
		32B6BE8E224880FE001F9E10 /* LGNoteDrawBoardViewController.h */ = {isa = PBXFileReference; fileEncoding = 4; lastKnownFileType = sourcecode.c.h; path = LGNoteDrawBoardViewController.h; sourceTree = "<group>"; };
		32D72A9D2249B03A00FFB9B4 /* TKImageView.h */ = {isa = PBXFileReference; fileEncoding = 4; lastKnownFileType = sourcecode.c.h; path = TKImageView.h; sourceTree = "<group>"; };
		32D72A9E2249B03A00FFB9B4 /* TKImageView.m */ = {isa = PBXFileReference; fileEncoding = 4; lastKnownFileType = sourcecode.c.objc; path = TKImageView.m; sourceTree = "<group>"; };
		32D72AA02249B9FC00FFB9B4 /* LGNoteCutImageViewController.h */ = {isa = PBXFileReference; lastKnownFileType = sourcecode.c.h; path = LGNoteCutImageViewController.h; sourceTree = "<group>"; };
		32D72AA12249B9FC00FFB9B4 /* LGNoteCutImageViewController.m */ = {isa = PBXFileReference; lastKnownFileType = sourcecode.c.objc; path = LGNoteCutImageViewController.m; sourceTree = "<group>"; };
		32D72AA4224A43B200FFB9B4 /* NoteXMLDictionary.h */ = {isa = PBXFileReference; fileEncoding = 4; lastKnownFileType = sourcecode.c.h; path = NoteXMLDictionary.h; sourceTree = "<group>"; };
		32D72AA5224A43B200FFB9B4 /* NoteXMLDictionary.m */ = {isa = PBXFileReference; fileEncoding = 4; lastKnownFileType = sourcecode.c.objc; path = NoteXMLDictionary.m; sourceTree = "<group>"; };
		32D8CEFB2237D199000BD642 /* LGNoteBaseNavigationViewController.h */ = {isa = PBXFileReference; lastKnownFileType = sourcecode.c.h; path = LGNoteBaseNavigationViewController.h; sourceTree = "<group>"; };
		32D8CEFC2237D199000BD642 /* LGNoteBaseNavigationViewController.m */ = {isa = PBXFileReference; lastKnownFileType = sourcecode.c.objc; path = LGNoteBaseNavigationViewController.m; sourceTree = "<group>"; };
		32DA50BA224DC4450064787C /* NoteSourceDetailView.h */ = {isa = PBXFileReference; lastKnownFileType = sourcecode.c.h; path = NoteSourceDetailView.h; sourceTree = "<group>"; };
		32DA50BB224DC4450064787C /* NoteSourceDetailView.m */ = {isa = PBXFileReference; lastKnownFileType = sourcecode.c.objc; path = NoteSourceDetailView.m; sourceTree = "<group>"; };
		598743329030DF392A5BCC27 /* Pods-NoteDemo.debug.xcconfig */ = {isa = PBXFileReference; includeInIndex = 1; lastKnownFileType = text.xcconfig; name = "Pods-NoteDemo.debug.xcconfig"; path = "Target Support Files/Pods-NoteDemo/Pods-NoteDemo.debug.xcconfig"; sourceTree = "<group>"; };
		F69574B6C56DF4CDE82A6315 /* Pods_NoteDemo.framework */ = {isa = PBXFileReference; explicitFileType = wrapper.framework; includeInIndex = 0; path = Pods_NoteDemo.framework; sourceTree = BUILT_PRODUCTS_DIR; };
/* End PBXFileReference section */

/* Begin PBXFrameworksBuildPhase section */
		3232641A216D9006005CC784 /* Frameworks */ = {
			isa = PBXFrameworksBuildPhase;
			buildActionMask = 2147483647;
			files = (
				C089BECC87C865CAFC5664C8 /* Pods_NoteDemo.framework in Frameworks */,
			);
			runOnlyForDeploymentPostprocessing = 0;
		};
		32326432216D9007005CC784 /* Frameworks */ = {
			isa = PBXFrameworksBuildPhase;
			buildActionMask = 2147483647;
			files = (
			);
			runOnlyForDeploymentPostprocessing = 0;
		};
		3232643D216D9007005CC784 /* Frameworks */ = {
			isa = PBXFrameworksBuildPhase;
			buildActionMask = 2147483647;
			files = (
			);
			runOnlyForDeploymentPostprocessing = 0;
		};
/* End PBXFrameworksBuildPhase section */

/* Begin PBXGroup section */
		150A198C27992E743236058B /* Pods */ = {
			isa = PBXGroup;
			children = (
				598743329030DF392A5BCC27 /* Pods-NoteDemo.debug.xcconfig */,
				1327CF5CEE302EAC89AC964E /* Pods-NoteDemo.release.xcconfig */,
			);
			path = Pods;
			sourceTree = "<group>";
		};
		3213D4542255F2DF009FC886 /* YBImageBrowser */ = {
			isa = PBXGroup;
			children = (
				3213D48F2255F2DF009FC886 /* YBImageBrowser.h */,
				3213D4552255F2DF009FC886 /* YBImageBrowser.m */,
				3213D4562255F2DF009FC886 /* Protocol */,
				3213D45D2255F2DF009FC886 /* VideoBrowse */,
				3213D4672255F2DF009FC886 /* AuxiliaryView */,
				3213D4702255F2DF009FC886 /* ImageBrowse */,
				3213D4782255F2DF009FC886 /* Helper */,
				3213D4892255F2DF009FC886 /* Base */,
				3213D4902255F2DF009FC886 /* YBImageBrowser.bundle */,
			);
			path = YBImageBrowser;
			sourceTree = "<group>";
		};
		3213D4562255F2DF009FC886 /* Protocol */ = {
			isa = PBXGroup;
			children = (
				3213D4572255F2DF009FC886 /* YBImageBrowserSheetViewProtocol.h */,
				3213D4582255F2DF009FC886 /* YBImageBrowserCellDataProtocol.h */,
				3213D4592255F2DF009FC886 /* YBImageBrowserToolBarProtocol.h */,
				3213D45A2255F2DF009FC886 /* YBImageBrowserDataSource.h */,
				3213D45B2255F2DF009FC886 /* YBImageBrowserCellProtocol.h */,
				3213D45C2255F2DF009FC886 /* YBImageBrowserDelegate.h */,
			);
			path = Protocol;
			sourceTree = "<group>";
		};
		3213D45D2255F2DF009FC886 /* VideoBrowse */ = {
			isa = PBXGroup;
			children = (
				3213D45E2255F2DF009FC886 /* YBVideoBrowseCell.m */,
				3213D45F2255F2DF009FC886 /* YBVideoBrowseCellData.h */,
				3213D4602255F2DF009FC886 /* YBVideoBrowseActionBar.m */,
				3213D4612255F2DF009FC886 /* YBVideoBrowseTopBar.h */,
				3213D4622255F2DF009FC886 /* YBVideoBrowseCellData+Internal.h */,
				3213D4632255F2DF009FC886 /* YBVideoBrowseCell.h */,
				3213D4642255F2DF009FC886 /* YBVideoBrowseTopBar.m */,
				3213D4652255F2DF009FC886 /* YBVideoBrowseCellData.m */,
				3213D4662255F2DF009FC886 /* YBVideoBrowseActionBar.h */,
			);
			path = VideoBrowse;
			sourceTree = "<group>";
		};
		3213D4672255F2DF009FC886 /* AuxiliaryView */ = {
			isa = PBXGroup;
			children = (
				3213D4682255F2DF009FC886 /* YBImageBrowserProgressView.m */,
				3213D4692255F2DF009FC886 /* YBImageBrowserToolBar.m */,
				3213D46A2255F2DF009FC886 /* YBImageBrowserTipView.h */,
				3213D46B2255F2DF009FC886 /* YBImageBrowserSheetView.h */,
				3213D46C2255F2DF009FC886 /* YBImageBrowserProgressView.h */,
				3213D46D2255F2DF009FC886 /* YBImageBrowserTipView.m */,
				3213D46E2255F2DF009FC886 /* YBImageBrowserToolBar.h */,
				3213D46F2255F2DF009FC886 /* YBImageBrowserSheetView.m */,
			);
			path = AuxiliaryView;
			sourceTree = "<group>";
		};
		3213D4702255F2DF009FC886 /* ImageBrowse */ = {
			isa = PBXGroup;
			children = (
				3213D4712255F2DF009FC886 /* YBImage.m */,
				3213D4722255F2DF009FC886 /* YBImageBrowseCellData.m */,
				3213D4732255F2DF009FC886 /* YBImageBrowseCellData+Internal.h */,
				3213D4742255F2DF009FC886 /* YBImageBrowseCell.h */,
				3213D4752255F2DF009FC886 /* YBImage.h */,
				3213D4762255F2DF009FC886 /* YBImageBrowseCellData.h */,
				3213D4772255F2DF009FC886 /* YBImageBrowseCell.m */,
			);
			path = ImageBrowse;
			sourceTree = "<group>";
		};
		3213D4782255F2DF009FC886 /* Helper */ = {
			isa = PBXGroup;
			children = (
				3213D47B2255F2DF009FC886 /* YBIBCopywriter.h */,
				3213D4822255F2DF009FC886 /* YBIBCopywriter.m */,
				3213D4792255F2DF009FC886 /* YBIBFileManager.h */,
				3213D4812255F2DF009FC886 /* YBIBFileManager.m */,
				3213D4802255F2DF009FC886 /* YBIBGestureInteractionProfile.h */,
				3213D4882255F2DF009FC886 /* YBIBGestureInteractionProfile.m */,
				3213D47A2255F2DF009FC886 /* YBIBLayoutDirectionManager.h */,
				3213D4842255F2DF009FC886 /* YBIBLayoutDirectionManager.m */,
				3213D47E2255F2DF009FC886 /* YBIBPhotoAlbumManager.h */,
				3213D4852255F2DF009FC886 /* YBIBPhotoAlbumManager.m */,
				3213D47F2255F2DF009FC886 /* YBIBTransitionManager.h */,
				3213D4872255F2DF009FC886 /* YBIBTransitionManager.m */,
				3213D47C2255F2DF009FC886 /* YBIBUtilities.h */,
				3213D4832255F2DF009FC886 /* YBIBUtilities.m */,
				3213D4862255F2DF009FC886 /* YBIBWebImageManager.h */,
				3213D47D2255F2DF009FC886 /* YBIBWebImageManager.m */,
			);
			path = Helper;
			sourceTree = "<group>";
		};
		3213D4892255F2DF009FC886 /* Base */ = {
			isa = PBXGroup;
			children = (
				3213D48A2255F2DF009FC886 /* YBImageBrowserView.m */,
				3213D48B2255F2DF009FC886 /* YBImageBrowser+Internal.h */,
				3213D48C2255F2DF009FC886 /* YBImageBrowserViewLayout.h */,
				3213D48D2255F2DF009FC886 /* YBImageBrowserView.h */,
				3213D48E2255F2DF009FC886 /* YBImageBrowserViewLayout.m */,
			);
			path = Base;
			sourceTree = "<group>";
		};
		32326414216D9006005CC784 = {
			isa = PBXGroup;
			children = (
				32326452216D9059005CC784 /* LGNotes */,
				3232641F216D9006005CC784 /* NoteDemo */,
				32326438216D9007005CC784 /* NoteDemoTests */,
				32326443216D9007005CC784 /* NoteDemoUITests */,
				3232641E216D9006005CC784 /* Products */,
				150A198C27992E743236058B /* Pods */,
				CB317818D090F1B714C2CE6F /* Frameworks */,
			);
			sourceTree = "<group>";
		};
		3232641E216D9006005CC784 /* Products */ = {
			isa = PBXGroup;
			children = (
				3232641D216D9006005CC784 /* NoteDemo.app */,
				32326435216D9007005CC784 /* NoteDemoTests.xctest */,
				32326440216D9007005CC784 /* NoteDemoUITests.xctest */,
			);
			name = Products;
			sourceTree = "<group>";
		};
		3232641F216D9006005CC784 /* NoteDemo */ = {
			isa = PBXGroup;
			children = (
				32326420216D9006005CC784 /* AppDelegate.h */,
				32326421216D9006005CC784 /* AppDelegate.m */,
				32326423216D9006005CC784 /* ViewController.h */,
				32326424216D9006005CC784 /* ViewController.m */,
				32326426216D9006005CC784 /* Main.storyboard */,
				32326429216D9007005CC784 /* Assets.xcassets */,
				3232642B216D9007005CC784 /* LaunchScreen.storyboard */,
				3232642E216D9007005CC784 /* Info.plist */,
				3232642F216D9007005CC784 /* main.m */,
			);
			path = NoteDemo;
			sourceTree = "<group>";
		};
		32326438216D9007005CC784 /* NoteDemoTests */ = {
			isa = PBXGroup;
			children = (
				32326439216D9007005CC784 /* NoteDemoTests.m */,
				3232643B216D9007005CC784 /* Info.plist */,
			);
			path = NoteDemoTests;
			sourceTree = "<group>";
		};
		32326443216D9007005CC784 /* NoteDemoUITests */ = {
			isa = PBXGroup;
			children = (
				32326444216D9007005CC784 /* NoteDemoUITests.m */,
				32326446216D9007005CC784 /* Info.plist */,
			);
			path = NoteDemoUITests;
			sourceTree = "<group>";
		};
		32326452216D9059005CC784 /* LGNotes */ = {
			isa = PBXGroup;
			children = (
				32326488216E2C94005CC784 /* Base */,
				32326453216D9398005CC784 /* Model */,
				32326459216DE809005CC784 /* View */,
				32326457216DE809005CC784 /* ViewModel */,
				32326458216DE809005CC784 /* Controller */,
				32B6BE7522488002001F9E10 /* Category */,
				325BC39F216EE2EB00D077F5 /* Resource */,
				32326470216DF01E005CC784 /* Other */,
			);
			path = LGNotes;
			sourceTree = "<group>";
		};
		32326453216D9398005CC784 /* Model */ = {
			isa = PBXGroup;
			children = (
				32326454216D93A9005CC784 /* NoteModel.h */,
				32326455216D93A9005CC784 /* NoteModel.m */,
				32326479216E2142005CC784 /* ParamModel.h */,
				3232647A216E2142005CC784 /* ParamModel.m */,
				321932C7224274D90019AA64 /* SubjectModel.h */,
				321932C8224274D90019AA64 /* SubjectModel.m */,
			);
			path = Model;
			sourceTree = "<group>";
		};
		32326457216DE809005CC784 /* ViewModel */ = {
			isa = PBXGroup;
			children = (
				32326463216DE963005CC784 /* NoteViewModel.h */,
				32326464216DE963005CC784 /* NoteViewModel.m */,
			);
			path = ViewModel;
			sourceTree = "<group>";
		};
		32326458216DE809005CC784 /* Controller */ = {
			isa = PBXGroup;
			children = (
				3232645A216DE8E2005CC784 /* NoteMainViewController.h */,
				3232645B216DE8E2005CC784 /* NoteMainViewController.m */,
				3232645D216DE8F8005CC784 /* NoteEditViewController.h */,
				3232645E216DE8F8005CC784 /* NoteEditViewController.m */,
				32326460216DE923005CC784 /* NoteSearchViewController.h */,
				32326461216DE923005CC784 /* NoteSearchViewController.m */,
				325BC3A5216EF2E600D077F5 /* NoteFilterViewController.h */,
				325BC3A6216EF2E600D077F5 /* NoteFilterViewController.m */,
				32B6BE8E224880FE001F9E10 /* LGNoteDrawBoardViewController.h */,
				32B6BE8B224880FD001F9E10 /* LGNoteDrawBoardViewController.m */,
				32B6BE8C224880FE001F9E10 /* LGNoteImagePickerViewController.h */,
				32B6BE8D224880FE001F9E10 /* LGNoteImagePickerViewController.m */,
				32D72AA02249B9FC00FFB9B4 /* LGNoteCutImageViewController.h */,
				32D72AA12249B9FC00FFB9B4 /* LGNoteCutImageViewController.m */,
			);
			path = Controller;
			sourceTree = "<group>";
		};
		32326459216DE809005CC784 /* View */ = {
			isa = PBXGroup;
			children = (
				32D72A9C2249B03A00FFB9B4 /* CutImageView */,
				32B6BE5522485B8C001F9E10 /* DrawBoardView */,
				32326466216DED2D005CC784 /* NoteMainTableViewCell.h */,
				32326467216DED2D005CC784 /* NoteMainTableViewCell.m */,
				321932C4224263400019AA64 /* NoteMainImageTableViewCell.h */,
				321932C5224263400019AA64 /* NoteMainImageTableViewCell.m */,
				320D4E8D224372EA0013872A /* NoteMoreImageTableViewCell.h */,
				320D4E8E224372EA0013872A /* NoteMoreImageTableViewCell.m */,
				32326475216DF5D0005CC784 /* NoteMainTableView.h */,
				32326476216DF5D0005CC784 /* NoteMainTableView.m */,
				3232648F216E3796005CC784 /* SubjectPickerView.h */,
				32326490216E3796005CC784 /* SubjectPickerView.m */,
				325BC3AA216EF7B700D077F5 /* NoteFilterCollectionReusableViewHeader.h */,
				325BC3AD216EF7B800D077F5 /* NoteFilterCollectionReusableViewHeader.m */,
				325BC3A9216EF7B700D077F5 /* NoteFilterCollectionViewCell.h */,
				325BC3A8216EF7B700D077F5 /* NoteFilterCollectionViewCell.m */,
				324FF7BB22290FEF008EF565 /* NoteCustomWindow.h */,
				324FF7BC22290FEF008EF565 /* NoteCustomWindow.m */,
				3246AD01222FC8E200940E2D /* SearchToolView.h */,
				3246AD02222FC8E200940E2D /* SearchToolView.m */,
				3246AD04222FC97200940E2D /* SearchToolViewConfigure.h */,
				3246AD05222FC97200940E2D /* SearchToolViewConfigure.m */,
				321156F1223637900000A054 /* NoteEditView.h */,
				321156F2223637900000A054 /* NoteEditView.m */,
				32DA50BA224DC4450064787C /* NoteSourceDetailView.h */,
				32DA50BB224DC4450064787C /* NoteSourceDetailView.m */,
			);
			path = View;
			sourceTree = "<group>";
		};
		32326470216DF01E005CC784 /* Other */ = {
			isa = PBXGroup;
			children = (
				3213D4542255F2DF009FC886 /* YBImageBrowser */,
				32D72AA3224A43B200FFB9B4 /* XMLDictionary */,
				32326485216E2C87005CC784 /* LGNoteNetworkManager.h */,
				32326486216E2C87005CC784 /* LGNoteNetworkManager.m */,
				32326471216DF03A005CC784 /* Configure.h */,
				3267FD6E2170372700CCBCEF /* LGNoteConfigure.h */,
				32326472216DF420005CC784 /* NoteTools.h */,
				32326473216DF420005CC784 /* NoteTools.m */,
				3232647F216E265D005CC784 /* LGNoteMBAlert.h */,
				32326480216E265D005CC784 /* LGNoteMBAlert.m */,
			);
			path = Other;
			sourceTree = "<group>";
		};
		32326488216E2C94005CC784 /* Base */ = {
			isa = PBXGroup;
			children = (
				3232648A216E2C94005CC784 /* LGNoteBaseTableView.h */,
				3232648C216E2C94005CC784 /* LGNoteBaseTableView.m */,
				3232648B216E2C94005CC784 /* LGNoteBaseViewController.h */,
				32326489216E2C94005CC784 /* LGNoteBaseViewController.m */,
				32326492216E398C005CC784 /* LGNoteBaseTextField.h */,
				32326493216E398C005CC784 /* LGNoteBaseTextField.m */,
				32326499216E3B35005CC784 /* LGNoteBaseTextView.h */,
				32326498216E3B35005CC784 /* LGNoteBaseTextView.m */,
				32D8CEFB2237D199000BD642 /* LGNoteBaseNavigationViewController.h */,
				32D8CEFC2237D199000BD642 /* LGNoteBaseNavigationViewController.m */,
				32B6BE6822485E4A001F9E10 /* LGNoteBaseModel.h */,
				32B6BE6922485E4A001F9E10 /* LGNoteBaseModel.m */,
			);
			path = Base;
			sourceTree = "<group>";
		};
		325BC39F216EE2EB00D077F5 /* Resource */ = {
			isa = PBXGroup;
			children = (
				325BC3A0216EE2EB00D077F5 /* LGNote.bundle */,
			);
			path = Resource;
			sourceTree = "<group>";
		};
		32B6BE5522485B8C001F9E10 /* DrawBoardView */ = {
			isa = PBXGroup;
			children = (
				32B6BE6F22487EBE001F9E10 /* NSObject+YYModel.h */,
				32B6BE7222487EBF001F9E10 /* NSObject+YYModel.m */,
				32B6BE6E22487EBE001F9E10 /* YYClassInfo.h */,
				32B6BE7022487EBE001F9E10 /* YYClassInfo.m */,
				32B6BE7122487EBF001F9E10 /* YYModel.h */,
				32B6BE5D22485BD0001F9E10 /* BoardBgCollectionViewCell.h */,
				32B6BE5922485BD0001F9E10 /* BoardBgCollectionViewCell.m */,
				32B6BE5722485BD0001F9E10 /* BoardBgImageView.h */,
				32B6BE5C22485BD0001F9E10 /* BoardBgImageView.m */,
				32B6BE5622485BD0001F9E10 /* NoteDrawSettingButtonView.h */,
				32B6BE5822485BD0001F9E10 /* NoteDrawSettingButtonView.m */,
				32B6BE5E22485BD0001F9E10 /* NoteDrawSettingView.h */,
				32B6BE5F22485BD0001F9E10 /* NoteDrawSettingView.m */,
				32B6BE5A22485BD0001F9E10 /* PenFontBallView.h */,
				32B6BE5B22485BD0001F9E10 /* PenFontBallView.m */,
				32B6BE6522485C09001F9E10 /* NoteDrawView.h */,
				32B6BE6622485C09001F9E10 /* NoteDrawView.m */,
				32B6BE6B22485F2C001F9E10 /* DrawBoardModel.h */,
				32B6BE6C22485F2C001F9E10 /* DrawBoardModel.m */,
			);
			path = DrawBoardView;
			sourceTree = "<group>";
		};
		32B6BE7522488002001F9E10 /* Category */ = {
			isa = PBXGroup;
			children = (
				32B6BE7622488002001F9E10 /* NSBundle+Notes.h */,
				32B6BE7E22488002001F9E10 /* NSBundle+Notes.m */,
				32B6BE7D22488002001F9E10 /* NSString+Notes.h */,
				32B6BE7722488002001F9E10 /* NSString+Notes.m */,
				32B6BE7822488002001F9E10 /* NSString+NotesEmoji.h */,
				32B6BE8122488002001F9E10 /* NSString+NotesEmoji.m */,
				32B6BE7F22488002001F9E10 /* UIButton+Notes.h */,
				32B6BE7A22488002001F9E10 /* UIButton+Notes.m */,
				32B6BE7B22488002001F9E10 /* UIColor+Notes.h */,
				32B6BE8322488002001F9E10 /* UIColor+Notes.m */,
				32B6BE8022488002001F9E10 /* UITextView+Notes.h */,
				32B6BE7922488002001F9E10 /* UITextView+Notes.m */,
				32B6BE7C22488002001F9E10 /* UIView+LGNote.h */,
				32B6BE8222488002001F9E10 /* UIView+LGNote.m */,
			);
			path = Category;
			sourceTree = "<group>";
		};
		32D72A9C2249B03A00FFB9B4 /* CutImageView */ = {
			isa = PBXGroup;
			children = (
				32D72A9D2249B03A00FFB9B4 /* TKImageView.h */,
				32D72A9E2249B03A00FFB9B4 /* TKImageView.m */,
			);
			path = CutImageView;
			sourceTree = "<group>";
		};
		32D72AA3224A43B200FFB9B4 /* XMLDictionary */ = {
			isa = PBXGroup;
			children = (
				32D72AA4224A43B200FFB9B4 /* NoteXMLDictionary.h */,
				32D72AA5224A43B200FFB9B4 /* NoteXMLDictionary.m */,
			);
			path = XMLDictionary;
			sourceTree = "<group>";
		};
		CB317818D090F1B714C2CE6F /* Frameworks */ = {
			isa = PBXGroup;
			children = (
				F69574B6C56DF4CDE82A6315 /* Pods_NoteDemo.framework */,
			);
			name = Frameworks;
			sourceTree = "<group>";
		};
/* End PBXGroup section */

/* Begin PBXNativeTarget section */
		3232641C216D9006005CC784 /* NoteDemo */ = {
			isa = PBXNativeTarget;
			buildConfigurationList = 32326449216D9007005CC784 /* Build configuration list for PBXNativeTarget "NoteDemo" */;
			buildPhases = (
				EEAC5037095235BA73607395 /* [CP] Check Pods Manifest.lock */,
				32326419216D9006005CC784 /* Sources */,
				3232641A216D9006005CC784 /* Frameworks */,
				3232641B216D9006005CC784 /* Resources */,
				400FA4CA82A8118AF6D868A3 /* [CP] Embed Pods Frameworks */,
			);
			buildRules = (
			);
			dependencies = (
			);
			name = NoteDemo;
			productName = NoteDemo;
			productReference = 3232641D216D9006005CC784 /* NoteDemo.app */;
			productType = "com.apple.product-type.application";
		};
		32326434216D9007005CC784 /* NoteDemoTests */ = {
			isa = PBXNativeTarget;
			buildConfigurationList = 3232644C216D9007005CC784 /* Build configuration list for PBXNativeTarget "NoteDemoTests" */;
			buildPhases = (
				32326431216D9007005CC784 /* Sources */,
				32326432216D9007005CC784 /* Frameworks */,
				32326433216D9007005CC784 /* Resources */,
			);
			buildRules = (
			);
			dependencies = (
				32326437216D9007005CC784 /* PBXTargetDependency */,
			);
			name = NoteDemoTests;
			productName = NoteDemoTests;
			productReference = 32326435216D9007005CC784 /* NoteDemoTests.xctest */;
			productType = "com.apple.product-type.bundle.unit-test";
		};
		3232643F216D9007005CC784 /* NoteDemoUITests */ = {
			isa = PBXNativeTarget;
			buildConfigurationList = 3232644F216D9007005CC784 /* Build configuration list for PBXNativeTarget "NoteDemoUITests" */;
			buildPhases = (
				3232643C216D9007005CC784 /* Sources */,
				3232643D216D9007005CC784 /* Frameworks */,
				3232643E216D9007005CC784 /* Resources */,
			);
			buildRules = (
			);
			dependencies = (
				32326442216D9007005CC784 /* PBXTargetDependency */,
			);
			name = NoteDemoUITests;
			productName = NoteDemoUITests;
			productReference = 32326440216D9007005CC784 /* NoteDemoUITests.xctest */;
			productType = "com.apple.product-type.bundle.ui-testing";
		};
/* End PBXNativeTarget section */

/* Begin PBXProject section */
		32326415216D9006005CC784 /* Project object */ = {
			isa = PBXProject;
			attributes = {
				LastUpgradeCheck = 1000;
				ORGANIZATIONNAME = hend;
				TargetAttributes = {
					3232641C216D9006005CC784 = {
						CreatedOnToolsVersion = 10.0;
					};
					32326434216D9007005CC784 = {
						CreatedOnToolsVersion = 10.0;
						TestTargetID = 3232641C216D9006005CC784;
					};
					3232643F216D9007005CC784 = {
						CreatedOnToolsVersion = 10.0;
						TestTargetID = 3232641C216D9006005CC784;
					};
				};
			};
			buildConfigurationList = 32326418216D9006005CC784 /* Build configuration list for PBXProject "NoteDemo" */;
			compatibilityVersion = "Xcode 9.3";
			developmentRegion = en;
			hasScannedForEncodings = 0;
			knownRegions = (
				en,
				Base,
			);
			mainGroup = 32326414216D9006005CC784;
			productRefGroup = 3232641E216D9006005CC784 /* Products */;
			projectDirPath = "";
			projectRoot = "";
			targets = (
				3232641C216D9006005CC784 /* NoteDemo */,
				32326434216D9007005CC784 /* NoteDemoTests */,
				3232643F216D9007005CC784 /* NoteDemoUITests */,
			);
		};
/* End PBXProject section */

/* Begin PBXResourcesBuildPhase section */
		3232641B216D9006005CC784 /* Resources */ = {
			isa = PBXResourcesBuildPhase;
			buildActionMask = 2147483647;
			files = (
				3232642D216D9007005CC784 /* LaunchScreen.storyboard in Resources */,
				3232642A216D9007005CC784 /* Assets.xcassets in Resources */,
				325BC3A1216EE2EB00D077F5 /* LGNote.bundle in Resources */,
				32326428216D9006005CC784 /* Main.storyboard in Resources */,
				3213D4A72255F2DF009FC886 /* YBImageBrowser.bundle in Resources */,
			);
			runOnlyForDeploymentPostprocessing = 0;
		};
		32326433216D9007005CC784 /* Resources */ = {
			isa = PBXResourcesBuildPhase;
			buildActionMask = 2147483647;
			files = (
			);
			runOnlyForDeploymentPostprocessing = 0;
		};
		3232643E216D9007005CC784 /* Resources */ = {
			isa = PBXResourcesBuildPhase;
			buildActionMask = 2147483647;
			files = (
			);
			runOnlyForDeploymentPostprocessing = 0;
		};
/* End PBXResourcesBuildPhase section */

/* Begin PBXShellScriptBuildPhase section */
		400FA4CA82A8118AF6D868A3 /* [CP] Embed Pods Frameworks */ = {
			isa = PBXShellScriptBuildPhase;
			buildActionMask = 2147483647;
			files = (
			);
			inputFileListPaths = (
			);
			inputPaths = (
				"${PODS_ROOT}/Target Support Files/Pods-NoteDemo/Pods-NoteDemo-frameworks.sh",
				"${BUILT_PRODUCTS_DIR}/AFNetworking/AFNetworking.framework",
				"${BUILT_PRODUCTS_DIR}/MBProgressHUD/MBProgressHUD.framework",
				"${BUILT_PRODUCTS_DIR}/MJExtension/MJExtension.framework",
				"${BUILT_PRODUCTS_DIR}/MJRefresh/MJRefresh.framework",
				"${BUILT_PRODUCTS_DIR}/Masonry/Masonry.framework",
				"${BUILT_PRODUCTS_DIR}/ReactiveObjC/ReactiveObjC.framework",
				"${BUILT_PRODUCTS_DIR}/SDWebImage/SDWebImage.framework",
				"${BUILT_PRODUCTS_DIR}/TFHpple/TFHpple.framework",
				"${BUILT_PRODUCTS_DIR}/YYImage/YYImage.framework",
			);
			name = "[CP] Embed Pods Frameworks";
			outputFileListPaths = (
			);
			outputPaths = (
				"${TARGET_BUILD_DIR}/${FRAMEWORKS_FOLDER_PATH}/AFNetworking.framework",
				"${TARGET_BUILD_DIR}/${FRAMEWORKS_FOLDER_PATH}/MBProgressHUD.framework",
				"${TARGET_BUILD_DIR}/${FRAMEWORKS_FOLDER_PATH}/MJExtension.framework",
				"${TARGET_BUILD_DIR}/${FRAMEWORKS_FOLDER_PATH}/MJRefresh.framework",
				"${TARGET_BUILD_DIR}/${FRAMEWORKS_FOLDER_PATH}/Masonry.framework",
				"${TARGET_BUILD_DIR}/${FRAMEWORKS_FOLDER_PATH}/ReactiveObjC.framework",
				"${TARGET_BUILD_DIR}/${FRAMEWORKS_FOLDER_PATH}/SDWebImage.framework",
				"${TARGET_BUILD_DIR}/${FRAMEWORKS_FOLDER_PATH}/TFHpple.framework",
				"${TARGET_BUILD_DIR}/${FRAMEWORKS_FOLDER_PATH}/YYImage.framework",
			);
			runOnlyForDeploymentPostprocessing = 0;
			shellPath = /bin/sh;
			shellScript = "\"${PODS_ROOT}/Target Support Files/Pods-NoteDemo/Pods-NoteDemo-frameworks.sh\"\n";
			showEnvVarsInLog = 0;
		};
		EEAC5037095235BA73607395 /* [CP] Check Pods Manifest.lock */ = {
			isa = PBXShellScriptBuildPhase;
			buildActionMask = 2147483647;
			files = (
			);
			inputFileListPaths = (
			);
			inputPaths = (
				"${PODS_PODFILE_DIR_PATH}/Podfile.lock",
				"${PODS_ROOT}/Manifest.lock",
			);
			name = "[CP] Check Pods Manifest.lock";
			outputFileListPaths = (
			);
			outputPaths = (
				"$(DERIVED_FILE_DIR)/Pods-NoteDemo-checkManifestLockResult.txt",
			);
			runOnlyForDeploymentPostprocessing = 0;
			shellPath = /bin/sh;
			shellScript = "diff \"${PODS_PODFILE_DIR_PATH}/Podfile.lock\" \"${PODS_ROOT}/Manifest.lock\" > /dev/null\nif [ $? != 0 ] ; then\n    # print error to STDERR\n    echo \"error: The sandbox is not in sync with the Podfile.lock. Run 'pod install' or update your CocoaPods installation.\" >&2\n    exit 1\nfi\n# This output is used by Xcode 'outputs' to avoid re-running this script phase.\necho \"SUCCESS\" > \"${SCRIPT_OUTPUT_FILE_0}\"\n";
			showEnvVarsInLog = 0;
		};
/* End PBXShellScriptBuildPhase section */

/* Begin PBXSourcesBuildPhase section */
		32326419216D9006005CC784 /* Sources */ = {
			isa = PBXSourcesBuildPhase;
			buildActionMask = 2147483647;
			files = (
				32326481216E265D005CC784 /* LGNoteMBAlert.m in Sources */,
				3213D4912255F2DF009FC886 /* YBImageBrowser.m in Sources */,
				325BC3B0216EF7B800D077F5 /* NoteFilterCollectionReusableViewHeader.m in Sources */,
				32326425216D9006005CC784 /* ViewController.m in Sources */,
				32B6BE6322485BD0001F9E10 /* BoardBgImageView.m in Sources */,
				32B6BE8422488002001F9E10 /* NSString+Notes.m in Sources */,
				3213D4A52255F2DF009FC886 /* YBImageBrowserView.m in Sources */,
				3213D4A32255F2DF009FC886 /* YBIBTransitionManager.m in Sources */,
				32326494216E398C005CC784 /* LGNoteBaseTextField.m in Sources */,
				32326477216DF5D0005CC784 /* NoteMainTableView.m in Sources */,
				3213D4922255F2DF009FC886 /* YBVideoBrowseCell.m in Sources */,
				32B6BE6722485C09001F9E10 /* NoteDrawView.m in Sources */,
				3232647B216E2142005CC784 /* ParamModel.m in Sources */,
				3246AD03222FC8E200940E2D /* SearchToolView.m in Sources */,
				321932C6224263400019AA64 /* NoteMainImageTableViewCell.m in Sources */,
				32D8CEFD2237D199000BD642 /* LGNoteBaseNavigationViewController.m in Sources */,
				32326456216D93A9005CC784 /* NoteModel.m in Sources */,
				32D72AA6224A43B200FFB9B4 /* NoteXMLDictionary.m in Sources */,
				32B6BE6A22485E4A001F9E10 /* LGNoteBaseModel.m in Sources */,
				3213D4962255F2DF009FC886 /* YBImageBrowserProgressView.m in Sources */,
				32B6BE8A22488002001F9E10 /* UIColor+Notes.m in Sources */,
				320D4E8F224372EA0013872A /* NoteMoreImageTableViewCell.m in Sources */,
				3213D4A22255F2DF009FC886 /* YBIBPhotoAlbumManager.m in Sources */,
				3213D4992255F2DF009FC886 /* YBImageBrowserSheetView.m in Sources */,
				32326468216DED2D005CC784 /* NoteMainTableViewCell.m in Sources */,
				3246AD06222FC97200940E2D /* SearchToolViewConfigure.m in Sources */,
				32B6BE8522488002001F9E10 /* UITextView+Notes.m in Sources */,
				3232645F216DE8F8005CC784 /* NoteEditViewController.m in Sources */,
				325BC3A7216EF2E600D077F5 /* NoteFilterViewController.m in Sources */,
				32B6BE6122485BD0001F9E10 /* BoardBgCollectionViewCell.m in Sources */,
				3232649A216E3B35005CC784 /* LGNoteBaseTextView.m in Sources */,
				3213D49B2255F2DF009FC886 /* YBImageBrowseCellData.m in Sources */,
				3213D4932255F2DF009FC886 /* YBVideoBrowseActionBar.m in Sources */,
				3213D49D2255F2DF009FC886 /* YBIBWebImageManager.m in Sources */,
				32B6BE8722488002001F9E10 /* NSBundle+Notes.m in Sources */,
				32B6BE8822488002001F9E10 /* NSString+NotesEmoji.m in Sources */,
				3213D4A62255F2DF009FC886 /* YBImageBrowserViewLayout.m in Sources */,
				32B6BE7422487EBF001F9E10 /* NSObject+YYModel.m in Sources */,
				321156F3223637900000A054 /* NoteEditView.m in Sources */,
				3213D4A12255F2DF009FC886 /* YBIBLayoutDirectionManager.m in Sources */,
				32B6BE8622488002001F9E10 /* UIButton+Notes.m in Sources */,
				3213D4952255F2DF009FC886 /* YBVideoBrowseCellData.m in Sources */,
				32326487216E2C87005CC784 /* LGNoteNetworkManager.m in Sources */,
				3232648D216E2C94005CC784 /* LGNoteBaseViewController.m in Sources */,
				32D72AA22249B9FC00FFB9B4 /* LGNoteCutImageViewController.m in Sources */,
				32B6BE6222485BD0001F9E10 /* PenFontBallView.m in Sources */,
				32326430216D9007005CC784 /* main.m in Sources */,
				3213D4972255F2DF009FC886 /* YBImageBrowserToolBar.m in Sources */,
				3213D49A2255F2DF009FC886 /* YBImage.m in Sources */,
				3213D4A42255F2DF009FC886 /* YBIBGestureInteractionProfile.m in Sources */,
				321932C9224274D90019AA64 /* SubjectModel.m in Sources */,
				3213D49E2255F2DF009FC886 /* YBIBFileManager.m in Sources */,
				32B6BE6D22485F2C001F9E10 /* DrawBoardModel.m in Sources */,
				3213D4942255F2DF009FC886 /* YBVideoBrowseTopBar.m in Sources */,
				32B6BE90224880FE001F9E10 /* LGNoteImagePickerViewController.m in Sources */,
				3213D49F2255F2DF009FC886 /* YBIBCopywriter.m in Sources */,
				32326465216DE963005CC784 /* NoteViewModel.m in Sources */,
				3213D4982255F2DF009FC886 /* YBImageBrowserTipView.m in Sources */,
				3213D49C2255F2DF009FC886 /* YBImageBrowseCell.m in Sources */,
				3232648E216E2C94005CC784 /* LGNoteBaseTableView.m in Sources */,
				32326422216D9006005CC784 /* AppDelegate.m in Sources */,
				3232645C216DE8E2005CC784 /* NoteMainViewController.m in Sources */,
				32B6BE8922488002001F9E10 /* UIView+LGNote.m in Sources */,
				32326474216DF420005CC784 /* NoteTools.m in Sources */,
				32B6BE8F224880FE001F9E10 /* LGNoteDrawBoardViewController.m in Sources */,
				32DA50BC224DC4450064787C /* NoteSourceDetailView.m in Sources */,
				32B6BE6422485BD0001F9E10 /* NoteDrawSettingView.m in Sources */,
				32326462216DE923005CC784 /* NoteSearchViewController.m in Sources */,
				32326491216E3796005CC784 /* SubjectPickerView.m in Sources */,
				32B6BE7322487EBF001F9E10 /* YYClassInfo.m in Sources */,
				324FF7BD22290FEF008EF565 /* NoteCustomWindow.m in Sources */,
				32B6BE6022485BD0001F9E10 /* NoteDrawSettingButtonView.m in Sources */,
				3213D4A02255F2DF009FC886 /* YBIBUtilities.m in Sources */,
				325BC3AE216EF7B800D077F5 /* NoteFilterCollectionViewCell.m in Sources */,
				32D72A9F2249B03B00FFB9B4 /* TKImageView.m in Sources */,
			);
			runOnlyForDeploymentPostprocessing = 0;
		};
		32326431216D9007005CC784 /* Sources */ = {
			isa = PBXSourcesBuildPhase;
			buildActionMask = 2147483647;
			files = (
				3232643A216D9007005CC784 /* NoteDemoTests.m in Sources */,
			);
			runOnlyForDeploymentPostprocessing = 0;
		};
		3232643C216D9007005CC784 /* Sources */ = {
			isa = PBXSourcesBuildPhase;
			buildActionMask = 2147483647;
			files = (
				32326445216D9007005CC784 /* NoteDemoUITests.m in Sources */,
			);
			runOnlyForDeploymentPostprocessing = 0;
		};
/* End PBXSourcesBuildPhase section */

/* Begin PBXTargetDependency section */
		32326437216D9007005CC784 /* PBXTargetDependency */ = {
			isa = PBXTargetDependency;
			target = 3232641C216D9006005CC784 /* NoteDemo */;
			targetProxy = 32326436216D9007005CC784 /* PBXContainerItemProxy */;
		};
		32326442216D9007005CC784 /* PBXTargetDependency */ = {
			isa = PBXTargetDependency;
			target = 3232641C216D9006005CC784 /* NoteDemo */;
			targetProxy = 32326441216D9007005CC784 /* PBXContainerItemProxy */;
		};
/* End PBXTargetDependency section */

/* Begin PBXVariantGroup section */
		32326426216D9006005CC784 /* Main.storyboard */ = {
			isa = PBXVariantGroup;
			children = (
				32326427216D9006005CC784 /* Base */,
			);
			name = Main.storyboard;
			sourceTree = "<group>";
		};
		3232642B216D9007005CC784 /* LaunchScreen.storyboard */ = {
			isa = PBXVariantGroup;
			children = (
				3232642C216D9007005CC784 /* Base */,
			);
			name = LaunchScreen.storyboard;
			sourceTree = "<group>";
		};
/* End PBXVariantGroup section */

/* Begin XCBuildConfiguration section */
		32326447216D9007005CC784 /* Debug */ = {
			isa = XCBuildConfiguration;
			buildSettings = {
				ALWAYS_SEARCH_USER_PATHS = NO;
				CLANG_ANALYZER_NONNULL = YES;
				CLANG_ANALYZER_NUMBER_OBJECT_CONVERSION = YES_AGGRESSIVE;
				CLANG_CXX_LANGUAGE_STANDARD = "gnu++14";
				CLANG_CXX_LIBRARY = "libc++";
				CLANG_ENABLE_MODULES = YES;
				CLANG_ENABLE_OBJC_ARC = YES;
				CLANG_ENABLE_OBJC_WEAK = YES;
				CLANG_WARN_BLOCK_CAPTURE_AUTORELEASING = YES;
				CLANG_WARN_BOOL_CONVERSION = YES;
				CLANG_WARN_COMMA = YES;
				CLANG_WARN_CONSTANT_CONVERSION = YES;
				CLANG_WARN_DEPRECATED_OBJC_IMPLEMENTATIONS = YES;
				CLANG_WARN_DIRECT_OBJC_ISA_USAGE = YES_ERROR;
				CLANG_WARN_DOCUMENTATION_COMMENTS = YES;
				CLANG_WARN_EMPTY_BODY = YES;
				CLANG_WARN_ENUM_CONVERSION = YES;
				CLANG_WARN_INFINITE_RECURSION = YES;
				CLANG_WARN_INT_CONVERSION = YES;
				CLANG_WARN_NON_LITERAL_NULL_CONVERSION = YES;
				CLANG_WARN_OBJC_IMPLICIT_RETAIN_SELF = YES;
				CLANG_WARN_OBJC_LITERAL_CONVERSION = YES;
				CLANG_WARN_OBJC_ROOT_CLASS = YES_ERROR;
				CLANG_WARN_RANGE_LOOP_ANALYSIS = YES;
				CLANG_WARN_STRICT_PROTOTYPES = YES;
				CLANG_WARN_SUSPICIOUS_MOVE = YES;
				CLANG_WARN_UNGUARDED_AVAILABILITY = YES_AGGRESSIVE;
				CLANG_WARN_UNREACHABLE_CODE = YES;
				CLANG_WARN__DUPLICATE_METHOD_MATCH = YES;
				CODE_SIGN_IDENTITY = "iPhone Developer";
				COPY_PHASE_STRIP = NO;
				DEBUG_INFORMATION_FORMAT = dwarf;
				ENABLE_STRICT_OBJC_MSGSEND = YES;
				ENABLE_TESTABILITY = YES;
				GCC_C_LANGUAGE_STANDARD = gnu11;
				GCC_DYNAMIC_NO_PIC = NO;
				GCC_NO_COMMON_BLOCKS = YES;
				GCC_OPTIMIZATION_LEVEL = 0;
				GCC_PREPROCESSOR_DEFINITIONS = (
					"DEBUG=1",
					"$(inherited)",
				);
				GCC_WARN_64_TO_32_BIT_CONVERSION = YES;
				GCC_WARN_ABOUT_RETURN_TYPE = YES_ERROR;
				GCC_WARN_UNDECLARED_SELECTOR = YES;
				GCC_WARN_UNINITIALIZED_AUTOS = YES_AGGRESSIVE;
				GCC_WARN_UNUSED_FUNCTION = YES;
				GCC_WARN_UNUSED_VARIABLE = YES;
				IPHONEOS_DEPLOYMENT_TARGET = 12.0;
				MTL_ENABLE_DEBUG_INFO = INCLUDE_SOURCE;
				MTL_FAST_MATH = YES;
				ONLY_ACTIVE_ARCH = YES;
				SDKROOT = iphoneos;
			};
			name = Debug;
		};
		32326448216D9007005CC784 /* Release */ = {
			isa = XCBuildConfiguration;
			buildSettings = {
				ALWAYS_SEARCH_USER_PATHS = NO;
				CLANG_ANALYZER_NONNULL = YES;
				CLANG_ANALYZER_NUMBER_OBJECT_CONVERSION = YES_AGGRESSIVE;
				CLANG_CXX_LANGUAGE_STANDARD = "gnu++14";
				CLANG_CXX_LIBRARY = "libc++";
				CLANG_ENABLE_MODULES = YES;
				CLANG_ENABLE_OBJC_ARC = YES;
				CLANG_ENABLE_OBJC_WEAK = YES;
				CLANG_WARN_BLOCK_CAPTURE_AUTORELEASING = YES;
				CLANG_WARN_BOOL_CONVERSION = YES;
				CLANG_WARN_COMMA = YES;
				CLANG_WARN_CONSTANT_CONVERSION = YES;
				CLANG_WARN_DEPRECATED_OBJC_IMPLEMENTATIONS = YES;
				CLANG_WARN_DIRECT_OBJC_ISA_USAGE = YES_ERROR;
				CLANG_WARN_DOCUMENTATION_COMMENTS = YES;
				CLANG_WARN_EMPTY_BODY = YES;
				CLANG_WARN_ENUM_CONVERSION = YES;
				CLANG_WARN_INFINITE_RECURSION = YES;
				CLANG_WARN_INT_CONVERSION = YES;
				CLANG_WARN_NON_LITERAL_NULL_CONVERSION = YES;
				CLANG_WARN_OBJC_IMPLICIT_RETAIN_SELF = YES;
				CLANG_WARN_OBJC_LITERAL_CONVERSION = YES;
				CLANG_WARN_OBJC_ROOT_CLASS = YES_ERROR;
				CLANG_WARN_RANGE_LOOP_ANALYSIS = YES;
				CLANG_WARN_STRICT_PROTOTYPES = YES;
				CLANG_WARN_SUSPICIOUS_MOVE = YES;
				CLANG_WARN_UNGUARDED_AVAILABILITY = YES_AGGRESSIVE;
				CLANG_WARN_UNREACHABLE_CODE = YES;
				CLANG_WARN__DUPLICATE_METHOD_MATCH = YES;
				CODE_SIGN_IDENTITY = "iPhone Developer";
				COPY_PHASE_STRIP = NO;
				DEBUG_INFORMATION_FORMAT = "dwarf-with-dsym";
				ENABLE_NS_ASSERTIONS = NO;
				ENABLE_STRICT_OBJC_MSGSEND = YES;
				GCC_C_LANGUAGE_STANDARD = gnu11;
				GCC_NO_COMMON_BLOCKS = YES;
				GCC_WARN_64_TO_32_BIT_CONVERSION = YES;
				GCC_WARN_ABOUT_RETURN_TYPE = YES_ERROR;
				GCC_WARN_UNDECLARED_SELECTOR = YES;
				GCC_WARN_UNINITIALIZED_AUTOS = YES_AGGRESSIVE;
				GCC_WARN_UNUSED_FUNCTION = YES;
				GCC_WARN_UNUSED_VARIABLE = YES;
				IPHONEOS_DEPLOYMENT_TARGET = 12.0;
				MTL_ENABLE_DEBUG_INFO = NO;
				MTL_FAST_MATH = YES;
				SDKROOT = iphoneos;
				VALIDATE_PRODUCT = YES;
			};
			name = Release;
		};
		3232644A216D9007005CC784 /* Debug */ = {
			isa = XCBuildConfiguration;
			baseConfigurationReference = 598743329030DF392A5BCC27 /* Pods-NoteDemo.debug.xcconfig */;
			buildSettings = {
				ASSETCATALOG_COMPILER_APPICON_NAME = AppIcon;
				CLANG_WARN_OBJC_IMPLICIT_RETAIN_SELF = NO;
				CODE_SIGN_STYLE = Automatic;
				DEVELOPMENT_TEAM = Z35S33J39R;
				GCC_PRECOMPILE_PREFIX_HEADER = NO;
				INFOPLIST_FILE = NoteDemo/Info.plist;
				IPHONEOS_DEPLOYMENT_TARGET = 10.0;
				LD_RUNPATH_SEARCH_PATHS = (
					"$(inherited)",
					"@executable_path/Frameworks",
				);
				PRODUCT_BUNDLE_IDENTIFIER = com.Lancoo.NoteDemo;
				PRODUCT_NAME = "$(TARGET_NAME)";
				TARGETED_DEVICE_FAMILY = "1,2";
			};
			name = Debug;
		};
		3232644B216D9007005CC784 /* Release */ = {
			isa = XCBuildConfiguration;
			baseConfigurationReference = 1327CF5CEE302EAC89AC964E /* Pods-NoteDemo.release.xcconfig */;
			buildSettings = {
				ASSETCATALOG_COMPILER_APPICON_NAME = AppIcon;
				CLANG_WARN_OBJC_IMPLICIT_RETAIN_SELF = NO;
				CODE_SIGN_STYLE = Automatic;
				DEVELOPMENT_TEAM = Z35S33J39R;
				GCC_PRECOMPILE_PREFIX_HEADER = NO;
				INFOPLIST_FILE = NoteDemo/Info.plist;
				IPHONEOS_DEPLOYMENT_TARGET = 10.0;
				LD_RUNPATH_SEARCH_PATHS = (
					"$(inherited)",
					"@executable_path/Frameworks",
				);
				PRODUCT_BUNDLE_IDENTIFIER = com.Lancoo.NoteDemo;
				PRODUCT_NAME = "$(TARGET_NAME)";
				TARGETED_DEVICE_FAMILY = "1,2";
			};
			name = Release;
		};
		3232644D216D9007005CC784 /* Debug */ = {
			isa = XCBuildConfiguration;
			buildSettings = {
				BUNDLE_LOADER = "$(TEST_HOST)";
				CODE_SIGN_STYLE = Automatic;
				DEVELOPMENT_TEAM = Z35S33J39R;
				INFOPLIST_FILE = NoteDemoTests/Info.plist;
				LD_RUNPATH_SEARCH_PATHS = (
					"$(inherited)",
					"@executable_path/Frameworks",
					"@loader_path/Frameworks",
				);
				PRODUCT_BUNDLE_IDENTIFIER = com.Lancoo.NoteDemoTests;
				PRODUCT_NAME = "$(TARGET_NAME)";
				TARGETED_DEVICE_FAMILY = "1,2";
				TEST_HOST = "$(BUILT_PRODUCTS_DIR)/NoteDemo.app/NoteDemo";
			};
			name = Debug;
		};
		3232644E216D9007005CC784 /* Release */ = {
			isa = XCBuildConfiguration;
			buildSettings = {
				BUNDLE_LOADER = "$(TEST_HOST)";
				CODE_SIGN_STYLE = Automatic;
				DEVELOPMENT_TEAM = Z35S33J39R;
				INFOPLIST_FILE = NoteDemoTests/Info.plist;
				LD_RUNPATH_SEARCH_PATHS = (
					"$(inherited)",
					"@executable_path/Frameworks",
					"@loader_path/Frameworks",
				);
				PRODUCT_BUNDLE_IDENTIFIER = com.Lancoo.NoteDemoTests;
				PRODUCT_NAME = "$(TARGET_NAME)";
				TARGETED_DEVICE_FAMILY = "1,2";
				TEST_HOST = "$(BUILT_PRODUCTS_DIR)/NoteDemo.app/NoteDemo";
			};
			name = Release;
		};
		32326450216D9007005CC784 /* Debug */ = {
			isa = XCBuildConfiguration;
			buildSettings = {
				CODE_SIGN_STYLE = Automatic;
				DEVELOPMENT_TEAM = Z35S33J39R;
				INFOPLIST_FILE = NoteDemoUITests/Info.plist;
				LD_RUNPATH_SEARCH_PATHS = (
					"$(inherited)",
					"@executable_path/Frameworks",
					"@loader_path/Frameworks",
				);
				PRODUCT_BUNDLE_IDENTIFIER = com.Lancoo.NoteDemoUITests;
				PRODUCT_NAME = "$(TARGET_NAME)";
				TARGETED_DEVICE_FAMILY = "1,2";
				TEST_TARGET_NAME = NoteDemo;
			};
			name = Debug;
		};
		32326451216D9007005CC784 /* Release */ = {
			isa = XCBuildConfiguration;
			buildSettings = {
				CODE_SIGN_STYLE = Automatic;
				DEVELOPMENT_TEAM = Z35S33J39R;
				INFOPLIST_FILE = NoteDemoUITests/Info.plist;
				LD_RUNPATH_SEARCH_PATHS = (
					"$(inherited)",
					"@executable_path/Frameworks",
					"@loader_path/Frameworks",
				);
				PRODUCT_BUNDLE_IDENTIFIER = com.Lancoo.NoteDemoUITests;
				PRODUCT_NAME = "$(TARGET_NAME)";
				TARGETED_DEVICE_FAMILY = "1,2";
				TEST_TARGET_NAME = NoteDemo;
			};
			name = Release;
		};
/* End XCBuildConfiguration section */

/* Begin XCConfigurationList section */
		32326418216D9006005CC784 /* Build configuration list for PBXProject "NoteDemo" */ = {
			isa = XCConfigurationList;
			buildConfigurations = (
				32326447216D9007005CC784 /* Debug */,
				32326448216D9007005CC784 /* Release */,
			);
			defaultConfigurationIsVisible = 0;
			defaultConfigurationName = Release;
		};
		32326449216D9007005CC784 /* Build configuration list for PBXNativeTarget "NoteDemo" */ = {
			isa = XCConfigurationList;
			buildConfigurations = (
				3232644A216D9007005CC784 /* Debug */,
				3232644B216D9007005CC784 /* Release */,
			);
			defaultConfigurationIsVisible = 0;
			defaultConfigurationName = Release;
		};
		3232644C216D9007005CC784 /* Build configuration list for PBXNativeTarget "NoteDemoTests" */ = {
			isa = XCConfigurationList;
			buildConfigurations = (
				3232644D216D9007005CC784 /* Debug */,
				3232644E216D9007005CC784 /* Release */,
			);
			defaultConfigurationIsVisible = 0;
			defaultConfigurationName = Release;
		};
		3232644F216D9007005CC784 /* Build configuration list for PBXNativeTarget "NoteDemoUITests" */ = {
			isa = XCConfigurationList;
			buildConfigurations = (
				32326450216D9007005CC784 /* Debug */,
				32326451216D9007005CC784 /* Release */,
			);
			defaultConfigurationIsVisible = 0;
			defaultConfigurationName = Release;
		};
/* End XCConfigurationList section */
	};
	rootObject = 32326415216D9006005CC784 /* Project object */;
}
